
Microsoft Visual Studio Solution File, Format Version 12.00
# Visual Studio 15
VisualStudioVersion = 15.0.27703.2047
MinimumVisualStudioVersion = 10.0.40219.1
Project("{8BC9CEB8-8B4A-11D0-8D11-00A0C91BC942}") = "CppGameEngine", "CppGameEngine.vcxproj", "{4DED3D51-71A5-437E-B3F7-80319B956B15}"
EndProject
Global
	GlobalSection(SolutionConfigurationPlatforms) = preSolution
		Debug|Win32 = Debug|Win32
	EndGlobalSection
	GlobalSection(ProjectConfigurationPlatforms) = postSolution
		{4DED3D51-71A5-437E-B3F7-80319B956B15}.Debug|Win32.ActiveCfg = Debug|Win32
		{4DED3D51-71A5-437E-B3F7-80319B956B15}.Debug|Win32.Build.0 = Debug|Win32
	EndGlobalSection
	GlobalSection(SolutionProperties) = preSolution
		HideSolutionNode = FALSE
	EndGlobalSection
	GlobalSection(ExtensibilityGlobals) = postSolution
		SolutionGuid = {EAC92F96-8AB6-4DB8-94A9-5757058100AC}
	EndGlobalSection
EndGlobal
