<?xml version="1.0" encoding="utf-8"?>
<Project ToolsVersion="4.0" xmlns="http://schemas.microsoft.com/developer/msbuild/2003">
  <ItemGroup>
    <Filter Include="Quelldateien">
      <UniqueIdentifier>{4FC737F1-C7A5-4376-A066-2A32D752A2FF}</UniqueIdentifier>
      <Extensions>cpp;c;cc;cxx;def;odl;idl;hpj;bat;asm;asmx</Extensions>
    </Filter>
    <Filter Include="Headerdateien">
      <UniqueIdentifier>{93995380-89BD-4b04-88EB-625FBE52EBFB}</UniqueIdentifier>
      <Extensions>h;hh;hpp;hxx;hm;inl;inc;ipp;xsd</Extensions>
    </Filter>
    <Filter Include="Ressourcendateien">
      <UniqueIdentifier>{67DA6AB6-F800-4c08-8B7A-83BB121AAD01}</UniqueIdentifier>
      <Extensions>rc;ico;cur;bmp;dlg;rc2;rct;bin;rgs;gif;jpg;jpeg;jpe;resx;tiff;tif;png;wav;mfcribbon-ms</Extensions>
    </Filter>
  </ItemGroup>
  <ItemGroup>
    <ClCompile Include="main.cpp">
      <Filter>Quelldateien</Filter>
    </ClCompile>
    <ClCompile Include="vendor\GLAD\src\glad.c">
      <Filter>Quelldateien</Filter>
    </ClCompile>
    <ClCompile Include="vendor\stb_image\src\stb_image.cpp">
      <Filter>Quelldateien</Filter>
    </ClCompile>
    <ClCompile Include="vendor\glm\include\glm\detail\glm.cpp">
      <Filter>Quelldateien</Filter>
    </ClCompile>
    <ClCompile Include="vendor\tinygltf\src\tiny_gltf.cpp">
      <Filter>Quelldateien</Filter>
    </ClCompile>
    <ClCompile Include="src\GameEngine\Components\BoxCollider.cpp">
      <Filter>Quelldateien</Filter>
    </ClCompile>
    <ClCompile Include="src\GameEngine\Components\Camera.cpp">
      <Filter>Quelldateien</Filter>
    </ClCompile>
    <ClCompile Include="src\GameEngine\Components\CapsuleCollider.cpp">
      <Filter>Quelldateien</Filter>
    </ClCompile>
    <ClCompile Include="src\GameEngine\Components\Component.cpp">
      <Filter>Quelldateien</Filter>
    </ClCompile>
    <ClCompile Include="src\GameEngine\Components\Light.cpp">
      <Filter>Quelldateien</Filter>
    </ClCompile>
    <ClCompile Include="src\GameEngine\Components\MeshRenderer.cpp">
      <Filter>Quelldateien</Filter>
    </ClCompile>
    <ClCompile Include="src\GameEngine\Components\PointLight.cpp">
      <Filter>Quelldateien</Filter>
    </ClCompile>
    <ClCompile Include="src\GameEngine\Components\Rigidbody.cpp">
      <Filter>Quelldateien</Filter>
    </ClCompile>
    <ClCompile Include="src\GameEngine\Components\SpriteRenderer.cpp">
      <Filter>Quelldateien</Filter>
    </ClCompile>
    <ClCompile Include="src\GameEngine\Components\Transform.cpp">
      <Filter>Quelldateien</Filter>
    </ClCompile>
    <ClCompile Include="src\GameEngine\Core\Application.cpp">
      <Filter>Quelldateien</Filter>
    </ClCompile>
    <ClCompile Include="src\GameEngine\Core\GameObject.cpp">
      <Filter>Quelldateien</Filter>
    </ClCompile>
    <ClCompile Include="src\GameEngine\Core\Scene.cpp">
      <Filter>Quelldateien</Filter>
    </ClCompile>
    <ClCompile Include="src\GameEngine\Core\Window.cpp">
      <Filter>Quelldateien</Filter>
    </ClCompile>
    <ClCompile Include="src\GameEngine\Debug\Log.cpp">
      <Filter>Quelldateien</Filter>
    </ClCompile>
    <ClCompile Include="src\GameEngine\Input\Input.cpp">
      <Filter>Quelldateien</Filter>
    </ClCompile>
    <ClCompile Include="src\GameEngine\IO\Importer\GLTF.cpp">
      <Filter>Quelldateien</Filter>
    </ClCompile>
    <ClCompile Include="src\GameEngine\IO\Importer\OBJ.cpp">
      <Filter>Quelldateien</Filter>
    </ClCompile>
    <ClCompile Include="src\GameEngine\IO\Stream.cpp">
      <Filter>Quelldateien</Filter>
    </ClCompile>
    <ClCompile Include="src\GameEngine\Physics\Physics.cpp">
      <Filter>Quelldateien</Filter>
    </ClCompile>
    <ClCompile Include="src\GameEngine\Physics\PhysicsDebugRenderer.cpp">
      <Filter>Quelldateien</Filter>
    </ClCompile>
    <ClCompile Include="src\GameEngine\Rendering\Material.cpp">
      <Filter>Quelldateien</Filter>
    </ClCompile>
    <ClCompile Include="src\GameEngine\Rendering\Mesh.cpp">
      <Filter>Quelldateien</Filter>
    </ClCompile>
    <ClCompile Include="src\GameEngine\Rendering\Model.cpp">
      <Filter>Quelldateien</Filter>
    </ClCompile>
    <ClCompile Include="src\GameEngine\Rendering\Primitive.cpp">
      <Filter>Quelldateien</Filter>
    </ClCompile>
    <ClCompile Include="src\GameEngine\Rendering\RenderablePrimitive.cpp">
      <Filter>Quelldateien</Filter>
    </ClCompile>
    <ClCompile Include="src\GameEngine\Rendering\Renderer.cpp">
      <Filter>Quelldateien</Filter>
    </ClCompile>
    <ClCompile Include="src\GameEngine\Rendering\Shader.cpp">
      <Filter>Quelldateien</Filter>
    </ClCompile>
    <ClCompile Include="src\GameEngine\Rendering\Sprite.cpp">
      <Filter>Quelldateien</Filter>
    </ClCompile>
    <ClCompile Include="src\GameEngine\Rendering\SpriteAtlas.cpp">
      <Filter>Quelldateien</Filter>
    </ClCompile>
    <ClCompile Include="src\GameEngine\Rendering\Texture.cpp">
      <Filter>Quelldateien</Filter>
    </ClCompile>
    <ClCompile Include="src\GameEngine\Rendering\UniformBuffer.cpp">
      <Filter>Quelldateien</Filter>
    </ClCompile>
    <ClCompile Include="src\GameEngine\Rendering\VertexArrayObject.cpp">
      <Filter>Quelldateien</Filter>
    </ClCompile>
    <ClCompile Include="src\GameEngine\Rendering\VertexBufferAttribute.cpp">
      <Filter>Quelldateien</Filter>
    </ClCompile>
    <ClCompile Include="src\GameEngine\Rendering\VertexBufferLayout.cpp">
      <Filter>Quelldateien</Filter>
    </ClCompile>
    <ClCompile Include="src\GameEngine\Shapes\Cube.cpp">
      <Filter>Quelldateien</Filter>
    </ClCompile>
    <ClCompile Include="src\GameEngine\Utils\Math.cpp">
      <Filter>Quelldateien</Filter>
    </ClCompile>
    <ClCompile Include="src\GameEngine\Utils\String.cpp">
      <Filter>Quelldateien</Filter>
    </ClCompile>
    <ClCompile Include="src\GameEngine\Utils\Time.cpp">
      <Filter>Quelldateien</Filter>
    </ClCompile>
    <ClCompile Include="src\GraphicDemoApplication.cpp">
      <Filter>Quelldateien</Filter>
    </ClCompile>
    <ClCompile Include="src\GameEngine\Components\TextRenderer.cpp">
      <Filter>Quelldateien</Filter>
    </ClCompile>
    <ClCompile Include="src\GameEngine\Rendering\Font.cpp">
      <Filter>Quelldateien</Filter>
    </ClCompile>
    <ClCompile Include="src\GameEngine\Rendering\SpriteSet.cpp">
      <Filter>Quelldateien</Filter>
    </ClCompile>
  </ItemGroup>
  <ItemGroup>
    <ClInclude Include="vendor\GLAD\include\glad\glad.h">
      <Filter>Headerdateien</Filter>
    </ClInclude>
    <ClInclude Include="vendor\GLAD\include\KHR\khrplatform.h">
      <Filter>Headerdateien</Filter>
    </ClInclude>
    <ClInclude Include="vendor\stb_image\include\stb_image.h">
      <Filter>Headerdateien</Filter>
    </ClInclude>
    <ClInclude Include="vendor\GLFW\include\GLFW\glfw3.h">
      <Filter>Headerdateien</Filter>
    </ClInclude>
    <ClInclude Include="vendor\GLFW\include\GLFW\glfw3native.h">
      <Filter>Headerdateien</Filter>
    </ClInclude>
    <ClInclude Include="vendor\glm\include\glm\common.hpp">
      <Filter>Headerdateien</Filter>
    </ClInclude>
    <ClInclude Include="vendor\glm\include\glm\detail\compute_common.hpp">
      <Filter>Headerdateien</Filter>
    </ClInclude>
    <ClInclude Include="vendor\glm\include\glm\detail\compute_vector_relational.hpp">
      <Filter>Headerdateien</Filter>
    </ClInclude>
    <ClInclude Include="vendor\glm\include\glm\detail\func_common.inl">
      <Filter>Headerdateien</Filter>
    </ClInclude>
    <ClInclude Include="vendor\glm\include\glm\detail\func_common_simd.inl">
      <Filter>Headerdateien</Filter>
    </ClInclude>
    <ClInclude Include="vendor\glm\include\glm\detail\func_exponential.inl">
      <Filter>Headerdateien</Filter>
    </ClInclude>
    <ClInclude Include="vendor\glm\include\glm\detail\func_exponential_simd.inl">
      <Filter>Headerdateien</Filter>
    </ClInclude>
    <ClInclude Include="vendor\glm\include\glm\detail\func_geometric.inl">
      <Filter>Headerdateien</Filter>
    </ClInclude>
    <ClInclude Include="vendor\glm\include\glm\detail\func_geometric_simd.inl">
      <Filter>Headerdateien</Filter>
    </ClInclude>
    <ClInclude Include="vendor\glm\include\glm\detail\func_integer.inl">
      <Filter>Headerdateien</Filter>
    </ClInclude>
    <ClInclude Include="vendor\glm\include\glm\detail\func_integer_simd.inl">
      <Filter>Headerdateien</Filter>
    </ClInclude>
    <ClInclude Include="vendor\glm\include\glm\detail\func_matrix.inl">
      <Filter>Headerdateien</Filter>
    </ClInclude>
    <ClInclude Include="vendor\glm\include\glm\detail\func_matrix_simd.inl">
      <Filter>Headerdateien</Filter>
    </ClInclude>
    <ClInclude Include="vendor\glm\include\glm\detail\func_packing.inl">
      <Filter>Headerdateien</Filter>
    </ClInclude>
    <ClInclude Include="vendor\glm\include\glm\detail\func_packing_simd.inl">
      <Filter>Headerdateien</Filter>
    </ClInclude>
    <ClInclude Include="vendor\glm\include\glm\detail\func_trigonometric.inl">
      <Filter>Headerdateien</Filter>
    </ClInclude>
    <ClInclude Include="vendor\glm\include\glm\detail\func_trigonometric_simd.inl">
      <Filter>Headerdateien</Filter>
    </ClInclude>
    <ClInclude Include="vendor\glm\include\glm\detail\func_vector_relational.inl">
      <Filter>Headerdateien</Filter>
    </ClInclude>
    <ClInclude Include="vendor\glm\include\glm\detail\func_vector_relational_simd.inl">
      <Filter>Headerdateien</Filter>
    </ClInclude>
    <ClInclude Include="vendor\glm\include\glm\detail\qualifier.hpp">
      <Filter>Headerdateien</Filter>
    </ClInclude>
    <ClInclude Include="vendor\glm\include\glm\detail\setup.hpp">
      <Filter>Headerdateien</Filter>
    </ClInclude>
    <ClInclude Include="vendor\glm\include\glm\detail\type_float.hpp">
      <Filter>Headerdateien</Filter>
    </ClInclude>
    <ClInclude Include="vendor\glm\include\glm\detail\type_half.hpp">
      <Filter>Headerdateien</Filter>
    </ClInclude>
    <ClInclude Include="vendor\glm\include\glm\detail\type_half.inl">
      <Filter>Headerdateien</Filter>
    </ClInclude>
    <ClInclude Include="vendor\glm\include\glm\detail\type_mat2x2.hpp">
      <Filter>Headerdateien</Filter>
    </ClInclude>
    <ClInclude Include="vendor\glm\include\glm\detail\type_mat2x2.inl">
      <Filter>Headerdateien</Filter>
    </ClInclude>
    <ClInclude Include="vendor\glm\include\glm\detail\type_mat2x3.hpp">
      <Filter>Headerdateien</Filter>
    </ClInclude>
    <ClInclude Include="vendor\glm\include\glm\detail\type_mat2x3.inl">
      <Filter>Headerdateien</Filter>
    </ClInclude>
    <ClInclude Include="vendor\glm\include\glm\detail\type_mat2x4.hpp">
      <Filter>Headerdateien</Filter>
    </ClInclude>
    <ClInclude Include="vendor\glm\include\glm\detail\type_mat2x4.inl">
      <Filter>Headerdateien</Filter>
    </ClInclude>
    <ClInclude Include="vendor\glm\include\glm\detail\type_mat3x2.hpp">
      <Filter>Headerdateien</Filter>
    </ClInclude>
    <ClInclude Include="vendor\glm\include\glm\detail\type_mat3x2.inl">
      <Filter>Headerdateien</Filter>
    </ClInclude>
    <ClInclude Include="vendor\glm\include\glm\detail\type_mat3x3.hpp">
      <Filter>Headerdateien</Filter>
    </ClInclude>
    <ClInclude Include="vendor\glm\include\glm\detail\type_mat3x3.inl">
      <Filter>Headerdateien</Filter>
    </ClInclude>
    <ClInclude Include="vendor\glm\include\glm\detail\type_mat3x4.hpp">
      <Filter>Headerdateien</Filter>
    </ClInclude>
    <ClInclude Include="vendor\glm\include\glm\detail\type_mat3x4.inl">
      <Filter>Headerdateien</Filter>
    </ClInclude>
    <ClInclude Include="vendor\glm\include\glm\detail\type_mat4x2.hpp">
      <Filter>Headerdateien</Filter>
    </ClInclude>
    <ClInclude Include="vendor\glm\include\glm\detail\type_mat4x2.inl">
      <Filter>Headerdateien</Filter>
    </ClInclude>
    <ClInclude Include="vendor\glm\include\glm\detail\type_mat4x3.hpp">
      <Filter>Headerdateien</Filter>
    </ClInclude>
    <ClInclude Include="vendor\glm\include\glm\detail\type_mat4x3.inl">
      <Filter>Headerdateien</Filter>
    </ClInclude>
    <ClInclude Include="vendor\glm\include\glm\detail\type_mat4x4.hpp">
      <Filter>Headerdateien</Filter>
    </ClInclude>
    <ClInclude Include="vendor\glm\include\glm\detail\type_mat4x4.inl">
      <Filter>Headerdateien</Filter>
    </ClInclude>
    <ClInclude Include="vendor\glm\include\glm\detail\type_mat4x4_simd.inl">
      <Filter>Headerdateien</Filter>
    </ClInclude>
    <ClInclude Include="vendor\glm\include\glm\detail\type_quat.hpp">
      <Filter>Headerdateien</Filter>
    </ClInclude>
    <ClInclude Include="vendor\glm\include\glm\detail\type_quat.inl">
      <Filter>Headerdateien</Filter>
    </ClInclude>
    <ClInclude Include="vendor\glm\include\glm\detail\type_quat_simd.inl">
      <Filter>Headerdateien</Filter>
    </ClInclude>
    <ClInclude Include="vendor\glm\include\glm\detail\type_vec1.hpp">
      <Filter>Headerdateien</Filter>
    </ClInclude>
    <ClInclude Include="vendor\glm\include\glm\detail\type_vec1.inl">
      <Filter>Headerdateien</Filter>
    </ClInclude>
    <ClInclude Include="vendor\glm\include\glm\detail\type_vec2.hpp">
      <Filter>Headerdateien</Filter>
    </ClInclude>
    <ClInclude Include="vendor\glm\include\glm\detail\type_vec2.inl">
      <Filter>Headerdateien</Filter>
    </ClInclude>
    <ClInclude Include="vendor\glm\include\glm\detail\type_vec3.hpp">
      <Filter>Headerdateien</Filter>
    </ClInclude>
    <ClInclude Include="vendor\glm\include\glm\detail\type_vec3.inl">
      <Filter>Headerdateien</Filter>
    </ClInclude>
    <ClInclude Include="vendor\glm\include\glm\detail\type_vec4.hpp">
      <Filter>Headerdateien</Filter>
    </ClInclude>
    <ClInclude Include="vendor\glm\include\glm\detail\type_vec4.inl">
      <Filter>Headerdateien</Filter>
    </ClInclude>
    <ClInclude Include="vendor\glm\include\glm\detail\type_vec4_simd.inl">
      <Filter>Headerdateien</Filter>
    </ClInclude>
    <ClInclude Include="vendor\glm\include\glm\detail\_features.hpp">
      <Filter>Headerdateien</Filter>
    </ClInclude>
    <ClInclude Include="vendor\glm\include\glm\detail\_fixes.hpp">
      <Filter>Headerdateien</Filter>
    </ClInclude>
    <ClInclude Include="vendor\glm\include\glm\detail\_noise.hpp">
      <Filter>Headerdateien</Filter>
    </ClInclude>
    <ClInclude Include="vendor\glm\include\glm\detail\_swizzle.hpp">
      <Filter>Headerdateien</Filter>
    </ClInclude>
    <ClInclude Include="vendor\glm\include\glm\detail\_swizzle_func.hpp">
      <Filter>Headerdateien</Filter>
    </ClInclude>
    <ClInclude Include="vendor\glm\include\glm\detail\_vectorize.hpp">
      <Filter>Headerdateien</Filter>
    </ClInclude>
    <ClInclude Include="vendor\glm\include\glm\exponential.hpp">
      <Filter>Headerdateien</Filter>
    </ClInclude>
    <ClInclude Include="vendor\glm\include\glm\ext.hpp">
      <Filter>Headerdateien</Filter>
    </ClInclude>
    <ClInclude Include="vendor\glm\include\glm\ext\matrix_clip_space.hpp">
      <Filter>Headerdateien</Filter>
    </ClInclude>
    <ClInclude Include="vendor\glm\include\glm\ext\matrix_clip_space.inl">
      <Filter>Headerdateien</Filter>
    </ClInclude>
    <ClInclude Include="vendor\glm\include\glm\ext\matrix_common.hpp">
      <Filter>Headerdateien</Filter>
    </ClInclude>
    <ClInclude Include="vendor\glm\include\glm\ext\matrix_common.inl">
      <Filter>Headerdateien</Filter>
    </ClInclude>
    <ClInclude Include="vendor\glm\include\glm\ext\matrix_double2x2.hpp">
      <Filter>Headerdateien</Filter>
    </ClInclude>
    <ClInclude Include="vendor\glm\include\glm\ext\matrix_double2x2_precision.hpp">
      <Filter>Headerdateien</Filter>
    </ClInclude>
    <ClInclude Include="vendor\glm\include\glm\ext\matrix_double2x3.hpp">
      <Filter>Headerdateien</Filter>
    </ClInclude>
    <ClInclude Include="vendor\glm\include\glm\ext\matrix_double2x3_precision.hpp">
      <Filter>Headerdateien</Filter>
    </ClInclude>
    <ClInclude Include="vendor\glm\include\glm\ext\matrix_double2x4.hpp">
      <Filter>Headerdateien</Filter>
    </ClInclude>
    <ClInclude Include="vendor\glm\include\glm\ext\matrix_double2x4_precision.hpp">
      <Filter>Headerdateien</Filter>
    </ClInclude>
    <ClInclude Include="vendor\glm\include\glm\ext\matrix_double3x2.hpp">
      <Filter>Headerdateien</Filter>
    </ClInclude>
    <ClInclude Include="vendor\glm\include\glm\ext\matrix_double3x2_precision.hpp">
      <Filter>Headerdateien</Filter>
    </ClInclude>
    <ClInclude Include="vendor\glm\include\glm\ext\matrix_double3x3.hpp">
      <Filter>Headerdateien</Filter>
    </ClInclude>
    <ClInclude Include="vendor\glm\include\glm\ext\matrix_double3x3_precision.hpp">
      <Filter>Headerdateien</Filter>
    </ClInclude>
    <ClInclude Include="vendor\glm\include\glm\ext\matrix_double3x4.hpp">
      <Filter>Headerdateien</Filter>
    </ClInclude>
    <ClInclude Include="vendor\glm\include\glm\ext\matrix_double3x4_precision.hpp">
      <Filter>Headerdateien</Filter>
    </ClInclude>
    <ClInclude Include="vendor\glm\include\glm\ext\matrix_double4x2.hpp">
      <Filter>Headerdateien</Filter>
    </ClInclude>
    <ClInclude Include="vendor\glm\include\glm\ext\matrix_double4x2_precision.hpp">
      <Filter>Headerdateien</Filter>
    </ClInclude>
    <ClInclude Include="vendor\glm\include\glm\ext\matrix_double4x3.hpp">
      <Filter>Headerdateien</Filter>
    </ClInclude>
    <ClInclude Include="vendor\glm\include\glm\ext\matrix_double4x3_precision.hpp">
      <Filter>Headerdateien</Filter>
    </ClInclude>
    <ClInclude Include="vendor\glm\include\glm\ext\matrix_double4x4.hpp">
      <Filter>Headerdateien</Filter>
    </ClInclude>
    <ClInclude Include="vendor\glm\include\glm\ext\matrix_double4x4_precision.hpp">
      <Filter>Headerdateien</Filter>
    </ClInclude>
    <ClInclude Include="vendor\glm\include\glm\ext\matrix_float2x2.hpp">
      <Filter>Headerdateien</Filter>
    </ClInclude>
    <ClInclude Include="vendor\glm\include\glm\ext\matrix_float2x2_precision.hpp">
      <Filter>Headerdateien</Filter>
    </ClInclude>
    <ClInclude Include="vendor\glm\include\glm\ext\matrix_float2x3.hpp">
      <Filter>Headerdateien</Filter>
    </ClInclude>
    <ClInclude Include="vendor\glm\include\glm\ext\matrix_float2x3_precision.hpp">
      <Filter>Headerdateien</Filter>
    </ClInclude>
    <ClInclude Include="vendor\glm\include\glm\ext\matrix_float2x4.hpp">
      <Filter>Headerdateien</Filter>
    </ClInclude>
    <ClInclude Include="vendor\glm\include\glm\ext\matrix_float2x4_precision.hpp">
      <Filter>Headerdateien</Filter>
    </ClInclude>
    <ClInclude Include="vendor\glm\include\glm\ext\matrix_float3x2.hpp">
      <Filter>Headerdateien</Filter>
    </ClInclude>
    <ClInclude Include="vendor\glm\include\glm\ext\matrix_float3x2_precision.hpp">
      <Filter>Headerdateien</Filter>
    </ClInclude>
    <ClInclude Include="vendor\glm\include\glm\ext\matrix_float3x3.hpp">
      <Filter>Headerdateien</Filter>
    </ClInclude>
    <ClInclude Include="vendor\glm\include\glm\ext\matrix_float3x3_precision.hpp">
      <Filter>Headerdateien</Filter>
    </ClInclude>
    <ClInclude Include="vendor\glm\include\glm\ext\matrix_float3x4.hpp">
      <Filter>Headerdateien</Filter>
    </ClInclude>
    <ClInclude Include="vendor\glm\include\glm\ext\matrix_float3x4_precision.hpp">
      <Filter>Headerdateien</Filter>
    </ClInclude>
    <ClInclude Include="vendor\glm\include\glm\ext\matrix_float4x2.hpp">
      <Filter>Headerdateien</Filter>
    </ClInclude>
    <ClInclude Include="vendor\glm\include\glm\ext\matrix_float4x2_precision.hpp">
      <Filter>Headerdateien</Filter>
    </ClInclude>
    <ClInclude Include="vendor\glm\include\glm\ext\matrix_float4x3.hpp">
      <Filter>Headerdateien</Filter>
    </ClInclude>
    <ClInclude Include="vendor\glm\include\glm\ext\matrix_float4x3_precision.hpp">
      <Filter>Headerdateien</Filter>
    </ClInclude>
    <ClInclude Include="vendor\glm\include\glm\ext\matrix_float4x4.hpp">
      <Filter>Headerdateien</Filter>
    </ClInclude>
    <ClInclude Include="vendor\glm\include\glm\ext\matrix_float4x4_precision.hpp">
      <Filter>Headerdateien</Filter>
    </ClInclude>
    <ClInclude Include="vendor\glm\include\glm\ext\matrix_int2x2.hpp">
      <Filter>Headerdateien</Filter>
    </ClInclude>
    <ClInclude Include="vendor\glm\include\glm\ext\matrix_int2x2_sized.hpp">
      <Filter>Headerdateien</Filter>
    </ClInclude>
    <ClInclude Include="vendor\glm\include\glm\ext\matrix_int2x3.hpp">
      <Filter>Headerdateien</Filter>
    </ClInclude>
    <ClInclude Include="vendor\glm\include\glm\ext\matrix_int2x3_sized.hpp">
      <Filter>Headerdateien</Filter>
    </ClInclude>
    <ClInclude Include="vendor\glm\include\glm\ext\matrix_int2x4.hpp">
      <Filter>Headerdateien</Filter>
    </ClInclude>
    <ClInclude Include="vendor\glm\include\glm\ext\matrix_int2x4_sized.hpp">
      <Filter>Headerdateien</Filter>
    </ClInclude>
    <ClInclude Include="vendor\glm\include\glm\ext\matrix_int3x2.hpp">
      <Filter>Headerdateien</Filter>
    </ClInclude>
    <ClInclude Include="vendor\glm\include\glm\ext\matrix_int3x2_sized.hpp">
      <Filter>Headerdateien</Filter>
    </ClInclude>
    <ClInclude Include="vendor\glm\include\glm\ext\matrix_int3x3.hpp">
      <Filter>Headerdateien</Filter>
    </ClInclude>
    <ClInclude Include="vendor\glm\include\glm\ext\matrix_int3x3_sized.hpp">
      <Filter>Headerdateien</Filter>
    </ClInclude>
    <ClInclude Include="vendor\glm\include\glm\ext\matrix_int3x4.hpp">
      <Filter>Headerdateien</Filter>
    </ClInclude>
    <ClInclude Include="vendor\glm\include\glm\ext\matrix_int3x4_sized.hpp">
      <Filter>Headerdateien</Filter>
    </ClInclude>
    <ClInclude Include="vendor\glm\include\glm\ext\matrix_int4x2.hpp">
      <Filter>Headerdateien</Filter>
    </ClInclude>
    <ClInclude Include="vendor\glm\include\glm\ext\matrix_int4x2_sized.hpp">
      <Filter>Headerdateien</Filter>
    </ClInclude>
    <ClInclude Include="vendor\glm\include\glm\ext\matrix_int4x3.hpp">
      <Filter>Headerdateien</Filter>
    </ClInclude>
    <ClInclude Include="vendor\glm\include\glm\ext\matrix_int4x3_sized.hpp">
      <Filter>Headerdateien</Filter>
    </ClInclude>
    <ClInclude Include="vendor\glm\include\glm\ext\matrix_int4x4.hpp">
      <Filter>Headerdateien</Filter>
    </ClInclude>
    <ClInclude Include="vendor\glm\include\glm\ext\matrix_int4x4_sized.hpp">
      <Filter>Headerdateien</Filter>
    </ClInclude>
    <ClInclude Include="vendor\glm\include\glm\ext\matrix_projection.hpp">
      <Filter>Headerdateien</Filter>
    </ClInclude>
    <ClInclude Include="vendor\glm\include\glm\ext\matrix_projection.inl">
      <Filter>Headerdateien</Filter>
    </ClInclude>
    <ClInclude Include="vendor\glm\include\glm\ext\matrix_relational.hpp">
      <Filter>Headerdateien</Filter>
    </ClInclude>
    <ClInclude Include="vendor\glm\include\glm\ext\matrix_relational.inl">
      <Filter>Headerdateien</Filter>
    </ClInclude>
    <ClInclude Include="vendor\glm\include\glm\ext\matrix_transform.hpp">
      <Filter>Headerdateien</Filter>
    </ClInclude>
    <ClInclude Include="vendor\glm\include\glm\ext\matrix_transform.inl">
      <Filter>Headerdateien</Filter>
    </ClInclude>
    <ClInclude Include="vendor\glm\include\glm\ext\matrix_uint2x2.hpp">
      <Filter>Headerdateien</Filter>
    </ClInclude>
    <ClInclude Include="vendor\glm\include\glm\ext\matrix_uint2x2_sized.hpp">
      <Filter>Headerdateien</Filter>
    </ClInclude>
    <ClInclude Include="vendor\glm\include\glm\ext\matrix_uint2x3.hpp">
      <Filter>Headerdateien</Filter>
    </ClInclude>
    <ClInclude Include="vendor\glm\include\glm\ext\matrix_uint2x3_sized.hpp">
      <Filter>Headerdateien</Filter>
    </ClInclude>
    <ClInclude Include="vendor\glm\include\glm\ext\matrix_uint2x4.hpp">
      <Filter>Headerdateien</Filter>
    </ClInclude>
    <ClInclude Include="vendor\glm\include\glm\ext\matrix_uint2x4_sized.hpp">
      <Filter>Headerdateien</Filter>
    </ClInclude>
    <ClInclude Include="vendor\glm\include\glm\ext\matrix_uint3x2.hpp">
      <Filter>Headerdateien</Filter>
    </ClInclude>
    <ClInclude Include="vendor\glm\include\glm\ext\matrix_uint3x2_sized.hpp">
      <Filter>Headerdateien</Filter>
    </ClInclude>
    <ClInclude Include="vendor\glm\include\glm\ext\matrix_uint3x3.hpp">
      <Filter>Headerdateien</Filter>
    </ClInclude>
    <ClInclude Include="vendor\glm\include\glm\ext\matrix_uint3x3_sized.hpp">
      <Filter>Headerdateien</Filter>
    </ClInclude>
    <ClInclude Include="vendor\glm\include\glm\ext\matrix_uint3x4.hpp">
      <Filter>Headerdateien</Filter>
    </ClInclude>
    <ClInclude Include="vendor\glm\include\glm\ext\matrix_uint3x4_sized.hpp">
      <Filter>Headerdateien</Filter>
    </ClInclude>
    <ClInclude Include="vendor\glm\include\glm\ext\matrix_uint4x2.hpp">
      <Filter>Headerdateien</Filter>
    </ClInclude>
    <ClInclude Include="vendor\glm\include\glm\ext\matrix_uint4x2_sized.hpp">
      <Filter>Headerdateien</Filter>
    </ClInclude>
    <ClInclude Include="vendor\glm\include\glm\ext\matrix_uint4x3.hpp">
      <Filter>Headerdateien</Filter>
    </ClInclude>
    <ClInclude Include="vendor\glm\include\glm\ext\matrix_uint4x3_sized.hpp">
      <Filter>Headerdateien</Filter>
    </ClInclude>
    <ClInclude Include="vendor\glm\include\glm\ext\matrix_uint4x4.hpp">
      <Filter>Headerdateien</Filter>
    </ClInclude>
    <ClInclude Include="vendor\glm\include\glm\ext\matrix_uint4x4_sized.hpp">
      <Filter>Headerdateien</Filter>
    </ClInclude>
    <ClInclude Include="vendor\glm\include\glm\ext\quaternion_common.hpp">
      <Filter>Headerdateien</Filter>
    </ClInclude>
    <ClInclude Include="vendor\glm\include\glm\ext\quaternion_common.inl">
      <Filter>Headerdateien</Filter>
    </ClInclude>
    <ClInclude Include="vendor\glm\include\glm\ext\quaternion_common_simd.inl">
      <Filter>Headerdateien</Filter>
    </ClInclude>
    <ClInclude Include="vendor\glm\include\glm\ext\quaternion_double.hpp">
      <Filter>Headerdateien</Filter>
    </ClInclude>
    <ClInclude Include="vendor\glm\include\glm\ext\quaternion_double_precision.hpp">
      <Filter>Headerdateien</Filter>
    </ClInclude>
    <ClInclude Include="vendor\glm\include\glm\ext\quaternion_exponential.hpp">
      <Filter>Headerdateien</Filter>
    </ClInclude>
    <ClInclude Include="vendor\glm\include\glm\ext\quaternion_exponential.inl">
      <Filter>Headerdateien</Filter>
    </ClInclude>
    <ClInclude Include="vendor\glm\include\glm\ext\quaternion_float.hpp">
      <Filter>Headerdateien</Filter>
    </ClInclude>
    <ClInclude Include="vendor\glm\include\glm\ext\quaternion_float_precision.hpp">
      <Filter>Headerdateien</Filter>
    </ClInclude>
    <ClInclude Include="vendor\glm\include\glm\ext\quaternion_geometric.hpp">
      <Filter>Headerdateien</Filter>
    </ClInclude>
    <ClInclude Include="vendor\glm\include\glm\ext\quaternion_geometric.inl">
      <Filter>Headerdateien</Filter>
    </ClInclude>
    <ClInclude Include="vendor\glm\include\glm\ext\quaternion_relational.hpp">
      <Filter>Headerdateien</Filter>
    </ClInclude>
    <ClInclude Include="vendor\glm\include\glm\ext\quaternion_relational.inl">
      <Filter>Headerdateien</Filter>
    </ClInclude>
    <ClInclude Include="vendor\glm\include\glm\ext\quaternion_transform.hpp">
      <Filter>Headerdateien</Filter>
    </ClInclude>
    <ClInclude Include="vendor\glm\include\glm\ext\quaternion_transform.inl">
      <Filter>Headerdateien</Filter>
    </ClInclude>
    <ClInclude Include="vendor\glm\include\glm\ext\quaternion_trigonometric.hpp">
      <Filter>Headerdateien</Filter>
    </ClInclude>
    <ClInclude Include="vendor\glm\include\glm\ext\quaternion_trigonometric.inl">
      <Filter>Headerdateien</Filter>
    </ClInclude>
    <ClInclude Include="vendor\glm\include\glm\ext\scalar_common.hpp">
      <Filter>Headerdateien</Filter>
    </ClInclude>
    <ClInclude Include="vendor\glm\include\glm\ext\scalar_common.inl">
      <Filter>Headerdateien</Filter>
    </ClInclude>
    <ClInclude Include="vendor\glm\include\glm\ext\scalar_constants.hpp">
      <Filter>Headerdateien</Filter>
    </ClInclude>
    <ClInclude Include="vendor\glm\include\glm\ext\scalar_constants.inl">
      <Filter>Headerdateien</Filter>
    </ClInclude>
    <ClInclude Include="vendor\glm\include\glm\ext\scalar_integer.hpp">
      <Filter>Headerdateien</Filter>
    </ClInclude>
    <ClInclude Include="vendor\glm\include\glm\ext\scalar_integer.inl">
      <Filter>Headerdateien</Filter>
    </ClInclude>
    <ClInclude Include="vendor\glm\include\glm\ext\scalar_int_sized.hpp">
      <Filter>Headerdateien</Filter>
    </ClInclude>
    <ClInclude Include="vendor\glm\include\glm\ext\scalar_packing.hpp">
      <Filter>Headerdateien</Filter>
    </ClInclude>
    <ClInclude Include="vendor\glm\include\glm\ext\scalar_packing.inl">
      <Filter>Headerdateien</Filter>
    </ClInclude>
    <ClInclude Include="vendor\glm\include\glm\ext\scalar_relational.hpp">
      <Filter>Headerdateien</Filter>
    </ClInclude>
    <ClInclude Include="vendor\glm\include\glm\ext\scalar_relational.inl">
      <Filter>Headerdateien</Filter>
    </ClInclude>
    <ClInclude Include="vendor\glm\include\glm\ext\scalar_uint_sized.hpp">
      <Filter>Headerdateien</Filter>
    </ClInclude>
    <ClInclude Include="vendor\glm\include\glm\ext\scalar_ulp.hpp">
      <Filter>Headerdateien</Filter>
    </ClInclude>
    <ClInclude Include="vendor\glm\include\glm\ext\scalar_ulp.inl">
      <Filter>Headerdateien</Filter>
    </ClInclude>
    <ClInclude Include="vendor\glm\include\glm\ext\vector_bool1.hpp">
      <Filter>Headerdateien</Filter>
    </ClInclude>
    <ClInclude Include="vendor\glm\include\glm\ext\vector_bool1_precision.hpp">
      <Filter>Headerdateien</Filter>
    </ClInclude>
    <ClInclude Include="vendor\glm\include\glm\ext\vector_bool2.hpp">
      <Filter>Headerdateien</Filter>
    </ClInclude>
    <ClInclude Include="vendor\glm\include\glm\ext\vector_bool2_precision.hpp">
      <Filter>Headerdateien</Filter>
    </ClInclude>
    <ClInclude Include="vendor\glm\include\glm\ext\vector_bool3.hpp">
      <Filter>Headerdateien</Filter>
    </ClInclude>
    <ClInclude Include="vendor\glm\include\glm\ext\vector_bool3_precision.hpp">
      <Filter>Headerdateien</Filter>
    </ClInclude>
    <ClInclude Include="vendor\glm\include\glm\ext\vector_bool4.hpp">
      <Filter>Headerdateien</Filter>
    </ClInclude>
    <ClInclude Include="vendor\glm\include\glm\ext\vector_bool4_precision.hpp">
      <Filter>Headerdateien</Filter>
    </ClInclude>
    <ClInclude Include="vendor\glm\include\glm\ext\vector_common.hpp">
      <Filter>Headerdateien</Filter>
    </ClInclude>
    <ClInclude Include="vendor\glm\include\glm\ext\vector_common.inl">
      <Filter>Headerdateien</Filter>
    </ClInclude>
    <ClInclude Include="vendor\glm\include\glm\ext\vector_double1.hpp">
      <Filter>Headerdateien</Filter>
    </ClInclude>
    <ClInclude Include="vendor\glm\include\glm\ext\vector_double1_precision.hpp">
      <Filter>Headerdateien</Filter>
    </ClInclude>
    <ClInclude Include="vendor\glm\include\glm\ext\vector_double2.hpp">
      <Filter>Headerdateien</Filter>
    </ClInclude>
    <ClInclude Include="vendor\glm\include\glm\ext\vector_double2_precision.hpp">
      <Filter>Headerdateien</Filter>
    </ClInclude>
    <ClInclude Include="vendor\glm\include\glm\ext\vector_double3.hpp">
      <Filter>Headerdateien</Filter>
    </ClInclude>
    <ClInclude Include="vendor\glm\include\glm\ext\vector_double3_precision.hpp">
      <Filter>Headerdateien</Filter>
    </ClInclude>
    <ClInclude Include="vendor\glm\include\glm\ext\vector_double4.hpp">
      <Filter>Headerdateien</Filter>
    </ClInclude>
    <ClInclude Include="vendor\glm\include\glm\ext\vector_double4_precision.hpp">
      <Filter>Headerdateien</Filter>
    </ClInclude>
    <ClInclude Include="vendor\glm\include\glm\ext\vector_float1.hpp">
      <Filter>Headerdateien</Filter>
    </ClInclude>
    <ClInclude Include="vendor\glm\include\glm\ext\vector_float1_precision.hpp">
      <Filter>Headerdateien</Filter>
    </ClInclude>
    <ClInclude Include="vendor\glm\include\glm\ext\vector_float2.hpp">
      <Filter>Headerdateien</Filter>
    </ClInclude>
    <ClInclude Include="vendor\glm\include\glm\ext\vector_float2_precision.hpp">
      <Filter>Headerdateien</Filter>
    </ClInclude>
    <ClInclude Include="vendor\glm\include\glm\ext\vector_float3.hpp">
      <Filter>Headerdateien</Filter>
    </ClInclude>
    <ClInclude Include="vendor\glm\include\glm\ext\vector_float3_precision.hpp">
      <Filter>Headerdateien</Filter>
    </ClInclude>
    <ClInclude Include="vendor\glm\include\glm\ext\vector_float4.hpp">
      <Filter>Headerdateien</Filter>
    </ClInclude>
    <ClInclude Include="vendor\glm\include\glm\ext\vector_float4_precision.hpp">
      <Filter>Headerdateien</Filter>
    </ClInclude>
    <ClInclude Include="vendor\glm\include\glm\ext\vector_int1.hpp">
      <Filter>Headerdateien</Filter>
    </ClInclude>
    <ClInclude Include="vendor\glm\include\glm\ext\vector_int1_sized.hpp">
      <Filter>Headerdateien</Filter>
    </ClInclude>
    <ClInclude Include="vendor\glm\include\glm\ext\vector_int2.hpp">
      <Filter>Headerdateien</Filter>
    </ClInclude>
    <ClInclude Include="vendor\glm\include\glm\ext\vector_int2_sized.hpp">
      <Filter>Headerdateien</Filter>
    </ClInclude>
    <ClInclude Include="vendor\glm\include\glm\ext\vector_int3.hpp">
      <Filter>Headerdateien</Filter>
    </ClInclude>
    <ClInclude Include="vendor\glm\include\glm\ext\vector_int3_sized.hpp">
      <Filter>Headerdateien</Filter>
    </ClInclude>
    <ClInclude Include="vendor\glm\include\glm\ext\vector_int4.hpp">
      <Filter>Headerdateien</Filter>
    </ClInclude>
    <ClInclude Include="vendor\glm\include\glm\ext\vector_int4_sized.hpp">
      <Filter>Headerdateien</Filter>
    </ClInclude>
    <ClInclude Include="vendor\glm\include\glm\ext\vector_integer.hpp">
      <Filter>Headerdateien</Filter>
    </ClInclude>
    <ClInclude Include="vendor\glm\include\glm\ext\vector_integer.inl">
      <Filter>Headerdateien</Filter>
    </ClInclude>
    <ClInclude Include="vendor\glm\include\glm\ext\vector_packing.hpp">
      <Filter>Headerdateien</Filter>
    </ClInclude>
    <ClInclude Include="vendor\glm\include\glm\ext\vector_packing.inl">
      <Filter>Headerdateien</Filter>
    </ClInclude>
    <ClInclude Include="vendor\glm\include\glm\ext\vector_relational.hpp">
      <Filter>Headerdateien</Filter>
    </ClInclude>
    <ClInclude Include="vendor\glm\include\glm\ext\vector_relational.inl">
      <Filter>Headerdateien</Filter>
    </ClInclude>
    <ClInclude Include="vendor\glm\include\glm\ext\vector_uint1.hpp">
      <Filter>Headerdateien</Filter>
    </ClInclude>
    <ClInclude Include="vendor\glm\include\glm\ext\vector_uint1_sized.hpp">
      <Filter>Headerdateien</Filter>
    </ClInclude>
    <ClInclude Include="vendor\glm\include\glm\ext\vector_uint2.hpp">
      <Filter>Headerdateien</Filter>
    </ClInclude>
    <ClInclude Include="vendor\glm\include\glm\ext\vector_uint2_sized.hpp">
      <Filter>Headerdateien</Filter>
    </ClInclude>
    <ClInclude Include="vendor\glm\include\glm\ext\vector_uint3.hpp">
      <Filter>Headerdateien</Filter>
    </ClInclude>
    <ClInclude Include="vendor\glm\include\glm\ext\vector_uint3_sized.hpp">
      <Filter>Headerdateien</Filter>
    </ClInclude>
    <ClInclude Include="vendor\glm\include\glm\ext\vector_uint4.hpp">
      <Filter>Headerdateien</Filter>
    </ClInclude>
    <ClInclude Include="vendor\glm\include\glm\ext\vector_uint4_sized.hpp">
      <Filter>Headerdateien</Filter>
    </ClInclude>
    <ClInclude Include="vendor\glm\include\glm\ext\vector_ulp.hpp">
      <Filter>Headerdateien</Filter>
    </ClInclude>
    <ClInclude Include="vendor\glm\include\glm\ext\vector_ulp.inl">
      <Filter>Headerdateien</Filter>
    </ClInclude>
    <ClInclude Include="vendor\glm\include\glm\fwd.hpp">
      <Filter>Headerdateien</Filter>
    </ClInclude>
    <ClInclude Include="vendor\glm\include\glm\geometric.hpp">
      <Filter>Headerdateien</Filter>
    </ClInclude>
    <ClInclude Include="vendor\glm\include\glm\glm.hpp">
      <Filter>Headerdateien</Filter>
    </ClInclude>
    <ClInclude Include="vendor\glm\include\glm\gtc\bitfield.hpp">
      <Filter>Headerdateien</Filter>
    </ClInclude>
    <ClInclude Include="vendor\glm\include\glm\gtc\bitfield.inl">
      <Filter>Headerdateien</Filter>
    </ClInclude>
    <ClInclude Include="vendor\glm\include\glm\gtc\color_space.hpp">
      <Filter>Headerdateien</Filter>
    </ClInclude>
    <ClInclude Include="vendor\glm\include\glm\gtc\color_space.inl">
      <Filter>Headerdateien</Filter>
    </ClInclude>
    <ClInclude Include="vendor\glm\include\glm\gtc\constants.hpp">
      <Filter>Headerdateien</Filter>
    </ClInclude>
    <ClInclude Include="vendor\glm\include\glm\gtc\constants.inl">
      <Filter>Headerdateien</Filter>
    </ClInclude>
    <ClInclude Include="vendor\glm\include\glm\gtc\epsilon.hpp">
      <Filter>Headerdateien</Filter>
    </ClInclude>
    <ClInclude Include="vendor\glm\include\glm\gtc\epsilon.inl">
      <Filter>Headerdateien</Filter>
    </ClInclude>
    <ClInclude Include="vendor\glm\include\glm\gtc\integer.hpp">
      <Filter>Headerdateien</Filter>
    </ClInclude>
    <ClInclude Include="vendor\glm\include\glm\gtc\integer.inl">
      <Filter>Headerdateien</Filter>
    </ClInclude>
    <ClInclude Include="vendor\glm\include\glm\gtc\matrix_access.hpp">
      <Filter>Headerdateien</Filter>
    </ClInclude>
    <ClInclude Include="vendor\glm\include\glm\gtc\matrix_access.inl">
      <Filter>Headerdateien</Filter>
    </ClInclude>
    <ClInclude Include="vendor\glm\include\glm\gtc\matrix_integer.hpp">
      <Filter>Headerdateien</Filter>
    </ClInclude>
    <ClInclude Include="vendor\glm\include\glm\gtc\matrix_inverse.hpp">
      <Filter>Headerdateien</Filter>
    </ClInclude>
    <ClInclude Include="vendor\glm\include\glm\gtc\matrix_inverse.inl">
      <Filter>Headerdateien</Filter>
    </ClInclude>
    <ClInclude Include="vendor\glm\include\glm\gtc\matrix_transform.hpp">
      <Filter>Headerdateien</Filter>
    </ClInclude>
    <ClInclude Include="vendor\glm\include\glm\gtc\matrix_transform.inl">
      <Filter>Headerdateien</Filter>
    </ClInclude>
    <ClInclude Include="vendor\glm\include\glm\gtc\noise.hpp">
      <Filter>Headerdateien</Filter>
    </ClInclude>
    <ClInclude Include="vendor\glm\include\glm\gtc\noise.inl">
      <Filter>Headerdateien</Filter>
    </ClInclude>
    <ClInclude Include="vendor\glm\include\glm\gtc\packing.hpp">
      <Filter>Headerdateien</Filter>
    </ClInclude>
    <ClInclude Include="vendor\glm\include\glm\gtc\packing.inl">
      <Filter>Headerdateien</Filter>
    </ClInclude>
    <ClInclude Include="vendor\glm\include\glm\gtc\quaternion.hpp">
      <Filter>Headerdateien</Filter>
    </ClInclude>
    <ClInclude Include="vendor\glm\include\glm\gtc\quaternion.inl">
      <Filter>Headerdateien</Filter>
    </ClInclude>
    <ClInclude Include="vendor\glm\include\glm\gtc\quaternion_simd.inl">
      <Filter>Headerdateien</Filter>
    </ClInclude>
    <ClInclude Include="vendor\glm\include\glm\gtc\random.hpp">
      <Filter>Headerdateien</Filter>
    </ClInclude>
    <ClInclude Include="vendor\glm\include\glm\gtc\random.inl">
      <Filter>Headerdateien</Filter>
    </ClInclude>
    <ClInclude Include="vendor\glm\include\glm\gtc\reciprocal.hpp">
      <Filter>Headerdateien</Filter>
    </ClInclude>
    <ClInclude Include="vendor\glm\include\glm\gtc\reciprocal.inl">
      <Filter>Headerdateien</Filter>
    </ClInclude>
    <ClInclude Include="vendor\glm\include\glm\gtc\round.hpp">
      <Filter>Headerdateien</Filter>
    </ClInclude>
    <ClInclude Include="vendor\glm\include\glm\gtc\round.inl">
      <Filter>Headerdateien</Filter>
    </ClInclude>
    <ClInclude Include="vendor\glm\include\glm\gtc\type_aligned.hpp">
      <Filter>Headerdateien</Filter>
    </ClInclude>
    <ClInclude Include="vendor\glm\include\glm\gtc\type_precision.hpp">
      <Filter>Headerdateien</Filter>
    </ClInclude>
    <ClInclude Include="vendor\glm\include\glm\gtc\type_precision.inl">
      <Filter>Headerdateien</Filter>
    </ClInclude>
    <ClInclude Include="vendor\glm\include\glm\gtc\type_ptr.hpp">
      <Filter>Headerdateien</Filter>
    </ClInclude>
    <ClInclude Include="vendor\glm\include\glm\gtc\type_ptr.inl">
      <Filter>Headerdateien</Filter>
    </ClInclude>
    <ClInclude Include="vendor\glm\include\glm\gtc\ulp.hpp">
      <Filter>Headerdateien</Filter>
    </ClInclude>
    <ClInclude Include="vendor\glm\include\glm\gtc\ulp.inl">
      <Filter>Headerdateien</Filter>
    </ClInclude>
    <ClInclude Include="vendor\glm\include\glm\gtc\vec1.hpp">
      <Filter>Headerdateien</Filter>
    </ClInclude>
    <ClInclude Include="vendor\glm\include\glm\gtx\associated_min_max.hpp">
      <Filter>Headerdateien</Filter>
    </ClInclude>
    <ClInclude Include="vendor\glm\include\glm\gtx\associated_min_max.inl">
      <Filter>Headerdateien</Filter>
    </ClInclude>
    <ClInclude Include="vendor\glm\include\glm\gtx\bit.hpp">
      <Filter>Headerdateien</Filter>
    </ClInclude>
    <ClInclude Include="vendor\glm\include\glm\gtx\bit.inl">
      <Filter>Headerdateien</Filter>
    </ClInclude>
    <ClInclude Include="vendor\glm\include\glm\gtx\closest_point.hpp">
      <Filter>Headerdateien</Filter>
    </ClInclude>
    <ClInclude Include="vendor\glm\include\glm\gtx\closest_point.inl">
      <Filter>Headerdateien</Filter>
    </ClInclude>
    <ClInclude Include="vendor\glm\include\glm\gtx\color_encoding.hpp">
      <Filter>Headerdateien</Filter>
    </ClInclude>
    <ClInclude Include="vendor\glm\include\glm\gtx\color_encoding.inl">
      <Filter>Headerdateien</Filter>
    </ClInclude>
    <ClInclude Include="vendor\glm\include\glm\gtx\color_space.hpp">
      <Filter>Headerdateien</Filter>
    </ClInclude>
    <ClInclude Include="vendor\glm\include\glm\gtx\color_space.inl">
      <Filter>Headerdateien</Filter>
    </ClInclude>
    <ClInclude Include="vendor\glm\include\glm\gtx\color_space_YCoCg.hpp">
      <Filter>Headerdateien</Filter>
    </ClInclude>
    <ClInclude Include="vendor\glm\include\glm\gtx\color_space_YCoCg.inl">
      <Filter>Headerdateien</Filter>
    </ClInclude>
    <ClInclude Include="vendor\glm\include\glm\gtx\common.hpp">
      <Filter>Headerdateien</Filter>
    </ClInclude>
    <ClInclude Include="vendor\glm\include\glm\gtx\common.inl">
      <Filter>Headerdateien</Filter>
    </ClInclude>
    <ClInclude Include="vendor\glm\include\glm\gtx\compatibility.hpp">
      <Filter>Headerdateien</Filter>
    </ClInclude>
    <ClInclude Include="vendor\glm\include\glm\gtx\compatibility.inl">
      <Filter>Headerdateien</Filter>
    </ClInclude>
    <ClInclude Include="vendor\glm\include\glm\gtx\component_wise.hpp">
      <Filter>Headerdateien</Filter>
    </ClInclude>
    <ClInclude Include="vendor\glm\include\glm\gtx\component_wise.inl">
      <Filter>Headerdateien</Filter>
    </ClInclude>
    <ClInclude Include="vendor\glm\include\glm\gtx\dual_quaternion.hpp">
      <Filter>Headerdateien</Filter>
    </ClInclude>
    <ClInclude Include="vendor\glm\include\glm\gtx\dual_quaternion.inl">
      <Filter>Headerdateien</Filter>
    </ClInclude>
    <ClInclude Include="vendor\glm\include\glm\gtx\easing.hpp">
      <Filter>Headerdateien</Filter>
    </ClInclude>
    <ClInclude Include="vendor\glm\include\glm\gtx\easing.inl">
      <Filter>Headerdateien</Filter>
    </ClInclude>
    <ClInclude Include="vendor\glm\include\glm\gtx\euler_angles.hpp">
      <Filter>Headerdateien</Filter>
    </ClInclude>
    <ClInclude Include="vendor\glm\include\glm\gtx\euler_angles.inl">
      <Filter>Headerdateien</Filter>
    </ClInclude>
    <ClInclude Include="vendor\glm\include\glm\gtx\extend.hpp">
      <Filter>Headerdateien</Filter>
    </ClInclude>
    <ClInclude Include="vendor\glm\include\glm\gtx\extend.inl">
      <Filter>Headerdateien</Filter>
    </ClInclude>
    <ClInclude Include="vendor\glm\include\glm\gtx\extended_min_max.hpp">
      <Filter>Headerdateien</Filter>
    </ClInclude>
    <ClInclude Include="vendor\glm\include\glm\gtx\extended_min_max.inl">
      <Filter>Headerdateien</Filter>
    </ClInclude>
    <ClInclude Include="vendor\glm\include\glm\gtx\exterior_product.hpp">
      <Filter>Headerdateien</Filter>
    </ClInclude>
    <ClInclude Include="vendor\glm\include\glm\gtx\exterior_product.inl">
      <Filter>Headerdateien</Filter>
    </ClInclude>
    <ClInclude Include="vendor\glm\include\glm\gtx\fast_exponential.hpp">
      <Filter>Headerdateien</Filter>
    </ClInclude>
    <ClInclude Include="vendor\glm\include\glm\gtx\fast_exponential.inl">
      <Filter>Headerdateien</Filter>
    </ClInclude>
    <ClInclude Include="vendor\glm\include\glm\gtx\fast_square_root.hpp">
      <Filter>Headerdateien</Filter>
    </ClInclude>
    <ClInclude Include="vendor\glm\include\glm\gtx\fast_square_root.inl">
      <Filter>Headerdateien</Filter>
    </ClInclude>
    <ClInclude Include="vendor\glm\include\glm\gtx\fast_trigonometry.hpp">
      <Filter>Headerdateien</Filter>
    </ClInclude>
    <ClInclude Include="vendor\glm\include\glm\gtx\fast_trigonometry.inl">
      <Filter>Headerdateien</Filter>
    </ClInclude>
    <ClInclude Include="vendor\glm\include\glm\gtx\float_notmalize.inl">
      <Filter>Headerdateien</Filter>
    </ClInclude>
    <ClInclude Include="vendor\glm\include\glm\gtx\functions.hpp">
      <Filter>Headerdateien</Filter>
    </ClInclude>
    <ClInclude Include="vendor\glm\include\glm\gtx\functions.inl">
      <Filter>Headerdateien</Filter>
    </ClInclude>
    <ClInclude Include="vendor\glm\include\glm\gtx\gradient_paint.hpp">
      <Filter>Headerdateien</Filter>
    </ClInclude>
    <ClInclude Include="vendor\glm\include\glm\gtx\gradient_paint.inl">
      <Filter>Headerdateien</Filter>
    </ClInclude>
    <ClInclude Include="vendor\glm\include\glm\gtx\handed_coordinate_space.hpp">
      <Filter>Headerdateien</Filter>
    </ClInclude>
    <ClInclude Include="vendor\glm\include\glm\gtx\handed_coordinate_space.inl">
      <Filter>Headerdateien</Filter>
    </ClInclude>
    <ClInclude Include="vendor\glm\include\glm\gtx\hash.hpp">
      <Filter>Headerdateien</Filter>
    </ClInclude>
    <ClInclude Include="vendor\glm\include\glm\gtx\hash.inl">
      <Filter>Headerdateien</Filter>
    </ClInclude>
    <ClInclude Include="vendor\glm\include\glm\gtx\integer.hpp">
      <Filter>Headerdateien</Filter>
    </ClInclude>
    <ClInclude Include="vendor\glm\include\glm\gtx\integer.inl">
      <Filter>Headerdateien</Filter>
    </ClInclude>
    <ClInclude Include="vendor\glm\include\glm\gtx\intersect.hpp">
      <Filter>Headerdateien</Filter>
    </ClInclude>
    <ClInclude Include="vendor\glm\include\glm\gtx\intersect.inl">
      <Filter>Headerdateien</Filter>
    </ClInclude>
    <ClInclude Include="vendor\glm\include\glm\gtx\io.hpp">
      <Filter>Headerdateien</Filter>
    </ClInclude>
    <ClInclude Include="vendor\glm\include\glm\gtx\io.inl">
      <Filter>Headerdateien</Filter>
    </ClInclude>
    <ClInclude Include="vendor\glm\include\glm\gtx\log_base.hpp">
      <Filter>Headerdateien</Filter>
    </ClInclude>
    <ClInclude Include="vendor\glm\include\glm\gtx\log_base.inl">
      <Filter>Headerdateien</Filter>
    </ClInclude>
    <ClInclude Include="vendor\glm\include\glm\gtx\matrix_cross_product.hpp">
      <Filter>Headerdateien</Filter>
    </ClInclude>
    <ClInclude Include="vendor\glm\include\glm\gtx\matrix_cross_product.inl">
      <Filter>Headerdateien</Filter>
    </ClInclude>
    <ClInclude Include="vendor\glm\include\glm\gtx\matrix_decompose.hpp">
      <Filter>Headerdateien</Filter>
    </ClInclude>
    <ClInclude Include="vendor\glm\include\glm\gtx\matrix_decompose.inl">
      <Filter>Headerdateien</Filter>
    </ClInclude>
    <ClInclude Include="vendor\glm\include\glm\gtx\matrix_factorisation.hpp">
      <Filter>Headerdateien</Filter>
    </ClInclude>
    <ClInclude Include="vendor\glm\include\glm\gtx\matrix_factorisation.inl">
      <Filter>Headerdateien</Filter>
    </ClInclude>
    <ClInclude Include="vendor\glm\include\glm\gtx\matrix_interpolation.hpp">
      <Filter>Headerdateien</Filter>
    </ClInclude>
    <ClInclude Include="vendor\glm\include\glm\gtx\matrix_interpolation.inl">
      <Filter>Headerdateien</Filter>
    </ClInclude>
    <ClInclude Include="vendor\glm\include\glm\gtx\matrix_major_storage.hpp">
      <Filter>Headerdateien</Filter>
    </ClInclude>
    <ClInclude Include="vendor\glm\include\glm\gtx\matrix_major_storage.inl">
      <Filter>Headerdateien</Filter>
    </ClInclude>
    <ClInclude Include="vendor\glm\include\glm\gtx\matrix_operation.hpp">
      <Filter>Headerdateien</Filter>
    </ClInclude>
    <ClInclude Include="vendor\glm\include\glm\gtx\matrix_operation.inl">
      <Filter>Headerdateien</Filter>
    </ClInclude>
    <ClInclude Include="vendor\glm\include\glm\gtx\matrix_query.hpp">
      <Filter>Headerdateien</Filter>
    </ClInclude>
    <ClInclude Include="vendor\glm\include\glm\gtx\matrix_query.inl">
      <Filter>Headerdateien</Filter>
    </ClInclude>
    <ClInclude Include="vendor\glm\include\glm\gtx\matrix_transform_2d.hpp">
      <Filter>Headerdateien</Filter>
    </ClInclude>
    <ClInclude Include="vendor\glm\include\glm\gtx\matrix_transform_2d.inl">
      <Filter>Headerdateien</Filter>
    </ClInclude>
    <ClInclude Include="vendor\glm\include\glm\gtx\mixed_product.hpp">
      <Filter>Headerdateien</Filter>
    </ClInclude>
    <ClInclude Include="vendor\glm\include\glm\gtx\mixed_product.inl">
      <Filter>Headerdateien</Filter>
    </ClInclude>
    <ClInclude Include="vendor\glm\include\glm\gtx\norm.hpp">
      <Filter>Headerdateien</Filter>
    </ClInclude>
    <ClInclude Include="vendor\glm\include\glm\gtx\norm.inl">
      <Filter>Headerdateien</Filter>
    </ClInclude>
    <ClInclude Include="vendor\glm\include\glm\gtx\normal.hpp">
      <Filter>Headerdateien</Filter>
    </ClInclude>
    <ClInclude Include="vendor\glm\include\glm\gtx\normal.inl">
      <Filter>Headerdateien</Filter>
    </ClInclude>
    <ClInclude Include="vendor\glm\include\glm\gtx\normalize_dot.hpp">
      <Filter>Headerdateien</Filter>
    </ClInclude>
    <ClInclude Include="vendor\glm\include\glm\gtx\normalize_dot.inl">
      <Filter>Headerdateien</Filter>
    </ClInclude>
    <ClInclude Include="vendor\glm\include\glm\gtx\number_precision.hpp">
      <Filter>Headerdateien</Filter>
    </ClInclude>
    <ClInclude Include="vendor\glm\include\glm\gtx\number_precision.inl">
      <Filter>Headerdateien</Filter>
    </ClInclude>
    <ClInclude Include="vendor\glm\include\glm\gtx\optimum_pow.hpp">
      <Filter>Headerdateien</Filter>
    </ClInclude>
    <ClInclude Include="vendor\glm\include\glm\gtx\optimum_pow.inl">
      <Filter>Headerdateien</Filter>
    </ClInclude>
    <ClInclude Include="vendor\glm\include\glm\gtx\orthonormalize.hpp">
      <Filter>Headerdateien</Filter>
    </ClInclude>
    <ClInclude Include="vendor\glm\include\glm\gtx\orthonormalize.inl">
      <Filter>Headerdateien</Filter>
    </ClInclude>
    <ClInclude Include="vendor\glm\include\glm\gtx\perpendicular.hpp">
      <Filter>Headerdateien</Filter>
    </ClInclude>
    <ClInclude Include="vendor\glm\include\glm\gtx\perpendicular.inl">
      <Filter>Headerdateien</Filter>
    </ClInclude>
    <ClInclude Include="vendor\glm\include\glm\gtx\polar_coordinates.hpp">
      <Filter>Headerdateien</Filter>
    </ClInclude>
    <ClInclude Include="vendor\glm\include\glm\gtx\polar_coordinates.inl">
      <Filter>Headerdateien</Filter>
    </ClInclude>
    <ClInclude Include="vendor\glm\include\glm\gtx\projection.hpp">
      <Filter>Headerdateien</Filter>
    </ClInclude>
    <ClInclude Include="vendor\glm\include\glm\gtx\projection.inl">
      <Filter>Headerdateien</Filter>
    </ClInclude>
    <ClInclude Include="vendor\glm\include\glm\gtx\quaternion.hpp">
      <Filter>Headerdateien</Filter>
    </ClInclude>
    <ClInclude Include="vendor\glm\include\glm\gtx\quaternion.inl">
      <Filter>Headerdateien</Filter>
    </ClInclude>
    <ClInclude Include="vendor\glm\include\glm\gtx\range.hpp">
      <Filter>Headerdateien</Filter>
    </ClInclude>
    <ClInclude Include="vendor\glm\include\glm\gtx\raw_data.hpp">
      <Filter>Headerdateien</Filter>
    </ClInclude>
    <ClInclude Include="vendor\glm\include\glm\gtx\raw_data.inl">
      <Filter>Headerdateien</Filter>
    </ClInclude>
    <ClInclude Include="vendor\glm\include\glm\gtx\rotate_normalized_axis.hpp">
      <Filter>Headerdateien</Filter>
    </ClInclude>
    <ClInclude Include="vendor\glm\include\glm\gtx\rotate_normalized_axis.inl">
      <Filter>Headerdateien</Filter>
    </ClInclude>
    <ClInclude Include="vendor\glm\include\glm\gtx\rotate_vector.hpp">
      <Filter>Headerdateien</Filter>
    </ClInclude>
    <ClInclude Include="vendor\glm\include\glm\gtx\rotate_vector.inl">
      <Filter>Headerdateien</Filter>
    </ClInclude>
    <ClInclude Include="vendor\glm\include\glm\gtx\scalar_multiplication.hpp">
      <Filter>Headerdateien</Filter>
    </ClInclude>
    <ClInclude Include="vendor\glm\include\glm\gtx\scalar_relational.hpp">
      <Filter>Headerdateien</Filter>
    </ClInclude>
    <ClInclude Include="vendor\glm\include\glm\gtx\scalar_relational.inl">
      <Filter>Headerdateien</Filter>
    </ClInclude>
    <ClInclude Include="vendor\glm\include\glm\gtx\spline.hpp">
      <Filter>Headerdateien</Filter>
    </ClInclude>
    <ClInclude Include="vendor\glm\include\glm\gtx\spline.inl">
      <Filter>Headerdateien</Filter>
    </ClInclude>
    <ClInclude Include="vendor\glm\include\glm\gtx\std_based_type.hpp">
      <Filter>Headerdateien</Filter>
    </ClInclude>
    <ClInclude Include="vendor\glm\include\glm\gtx\std_based_type.inl">
      <Filter>Headerdateien</Filter>
    </ClInclude>
    <ClInclude Include="vendor\glm\include\glm\gtx\string_cast.hpp">
      <Filter>Headerdateien</Filter>
    </ClInclude>
    <ClInclude Include="vendor\glm\include\glm\gtx\string_cast.inl">
      <Filter>Headerdateien</Filter>
    </ClInclude>
    <ClInclude Include="vendor\glm\include\glm\gtx\texture.hpp">
      <Filter>Headerdateien</Filter>
    </ClInclude>
    <ClInclude Include="vendor\glm\include\glm\gtx\texture.inl">
      <Filter>Headerdateien</Filter>
    </ClInclude>
    <ClInclude Include="vendor\glm\include\glm\gtx\transform.hpp">
      <Filter>Headerdateien</Filter>
    </ClInclude>
    <ClInclude Include="vendor\glm\include\glm\gtx\transform.inl">
      <Filter>Headerdateien</Filter>
    </ClInclude>
    <ClInclude Include="vendor\glm\include\glm\gtx\transform2.hpp">
      <Filter>Headerdateien</Filter>
    </ClInclude>
    <ClInclude Include="vendor\glm\include\glm\gtx\transform2.inl">
      <Filter>Headerdateien</Filter>
    </ClInclude>
    <ClInclude Include="vendor\glm\include\glm\gtx\type_aligned.hpp">
      <Filter>Headerdateien</Filter>
    </ClInclude>
    <ClInclude Include="vendor\glm\include\glm\gtx\type_aligned.inl">
      <Filter>Headerdateien</Filter>
    </ClInclude>
    <ClInclude Include="vendor\glm\include\glm\gtx\type_trait.hpp">
      <Filter>Headerdateien</Filter>
    </ClInclude>
    <ClInclude Include="vendor\glm\include\glm\gtx\type_trait.inl">
      <Filter>Headerdateien</Filter>
    </ClInclude>
    <ClInclude Include="vendor\glm\include\glm\gtx\vector_angle.hpp">
      <Filter>Headerdateien</Filter>
    </ClInclude>
    <ClInclude Include="vendor\glm\include\glm\gtx\vector_angle.inl">
      <Filter>Headerdateien</Filter>
    </ClInclude>
    <ClInclude Include="vendor\glm\include\glm\gtx\vector_query.hpp">
      <Filter>Headerdateien</Filter>
    </ClInclude>
    <ClInclude Include="vendor\glm\include\glm\gtx\vector_query.inl">
      <Filter>Headerdateien</Filter>
    </ClInclude>
    <ClInclude Include="vendor\glm\include\glm\gtx\vec_swizzle.hpp">
      <Filter>Headerdateien</Filter>
    </ClInclude>
    <ClInclude Include="vendor\glm\include\glm\gtx\wrap.hpp">
      <Filter>Headerdateien</Filter>
    </ClInclude>
    <ClInclude Include="vendor\glm\include\glm\gtx\wrap.inl">
      <Filter>Headerdateien</Filter>
    </ClInclude>
    <ClInclude Include="vendor\glm\include\glm\integer.hpp">
      <Filter>Headerdateien</Filter>
    </ClInclude>
    <ClInclude Include="vendor\glm\include\glm\mat2x2.hpp">
      <Filter>Headerdateien</Filter>
    </ClInclude>
    <ClInclude Include="vendor\glm\include\glm\mat2x3.hpp">
      <Filter>Headerdateien</Filter>
    </ClInclude>
    <ClInclude Include="vendor\glm\include\glm\mat2x4.hpp">
      <Filter>Headerdateien</Filter>
    </ClInclude>
    <ClInclude Include="vendor\glm\include\glm\mat3x2.hpp">
      <Filter>Headerdateien</Filter>
    </ClInclude>
    <ClInclude Include="vendor\glm\include\glm\mat3x3.hpp">
      <Filter>Headerdateien</Filter>
    </ClInclude>
    <ClInclude Include="vendor\glm\include\glm\mat3x4.hpp">
      <Filter>Headerdateien</Filter>
    </ClInclude>
    <ClInclude Include="vendor\glm\include\glm\mat4x2.hpp">
      <Filter>Headerdateien</Filter>
    </ClInclude>
    <ClInclude Include="vendor\glm\include\glm\mat4x3.hpp">
      <Filter>Headerdateien</Filter>
    </ClInclude>
    <ClInclude Include="vendor\glm\include\glm\mat4x4.hpp">
      <Filter>Headerdateien</Filter>
    </ClInclude>
    <ClInclude Include="vendor\glm\include\glm\matrix.hpp">
      <Filter>Headerdateien</Filter>
    </ClInclude>
    <ClInclude Include="vendor\glm\include\glm\packing.hpp">
      <Filter>Headerdateien</Filter>
    </ClInclude>
    <ClInclude Include="vendor\glm\include\glm\simd\common.h">
      <Filter>Headerdateien</Filter>
    </ClInclude>
    <ClInclude Include="vendor\glm\include\glm\simd\exponential.h">
      <Filter>Headerdateien</Filter>
    </ClInclude>
    <ClInclude Include="vendor\glm\include\glm\simd\geometric.h">
      <Filter>Headerdateien</Filter>
    </ClInclude>
    <ClInclude Include="vendor\glm\include\glm\simd\integer.h">
      <Filter>Headerdateien</Filter>
    </ClInclude>
    <ClInclude Include="vendor\glm\include\glm\simd\matrix.h">
      <Filter>Headerdateien</Filter>
    </ClInclude>
    <ClInclude Include="vendor\glm\include\glm\simd\neon.h">
      <Filter>Headerdateien</Filter>
    </ClInclude>
    <ClInclude Include="vendor\glm\include\glm\simd\packing.h">
      <Filter>Headerdateien</Filter>
    </ClInclude>
    <ClInclude Include="vendor\glm\include\glm\simd\platform.h">
      <Filter>Headerdateien</Filter>
    </ClInclude>
    <ClInclude Include="vendor\glm\include\glm\simd\trigonometric.h">
      <Filter>Headerdateien</Filter>
    </ClInclude>
    <ClInclude Include="vendor\glm\include\glm\simd\vector_relational.h">
      <Filter>Headerdateien</Filter>
    </ClInclude>
    <ClInclude Include="vendor\glm\include\glm\trigonometric.hpp">
      <Filter>Headerdateien</Filter>
    </ClInclude>
    <ClInclude Include="vendor\glm\include\glm\vec2.hpp">
      <Filter>Headerdateien</Filter>
    </ClInclude>
    <ClInclude Include="vendor\glm\include\glm\vec3.hpp">
      <Filter>Headerdateien</Filter>
    </ClInclude>
    <ClInclude Include="vendor\glm\include\glm\vec4.hpp">
      <Filter>Headerdateien</Filter>
    </ClInclude>
    <ClInclude Include="vendor\glm\include\glm\vector_relational.hpp">
      <Filter>Headerdateien</Filter>
    </ClInclude>
    <ClInclude Include="vendor\tinygltf\include\tiny_gltf.h">
      <Filter>Headerdateien</Filter>
    </ClInclude>
    <ClInclude Include="vendor\reactphysics3d\include\reactphysics3d\body\CollisionBody.h">
      <Filter>Headerdateien</Filter>
    </ClInclude>
    <ClInclude Include="vendor\reactphysics3d\include\reactphysics3d\body\RigidBody.h">
      <Filter>Headerdateien</Filter>
    </ClInclude>
    <ClInclude Include="vendor\reactphysics3d\include\reactphysics3d\collision\broadphase\DynamicAABBTree.h">
      <Filter>Headerdateien</Filter>
    </ClInclude>
    <ClInclude Include="vendor\reactphysics3d\include\reactphysics3d\collision\Collider.h">
      <Filter>Headerdateien</Filter>
    </ClInclude>
    <ClInclude Include="vendor\reactphysics3d\include\reactphysics3d\collision\CollisionCallback.h">
      <Filter>Headerdateien</Filter>
    </ClInclude>
    <ClInclude Include="vendor\reactphysics3d\include\reactphysics3d\collision\ContactManifold.h">
      <Filter>Headerdateien</Filter>
    </ClInclude>
    <ClInclude Include="vendor\reactphysics3d\include\reactphysics3d\collision\ContactManifoldInfo.h">
      <Filter>Headerdateien</Filter>
    </ClInclude>
    <ClInclude Include="vendor\reactphysics3d\include\reactphysics3d\collision\ContactPair.h">
      <Filter>Headerdateien</Filter>
    </ClInclude>
    <ClInclude Include="vendor\reactphysics3d\include\reactphysics3d\collision\ContactPointInfo.h">
      <Filter>Headerdateien</Filter>
    </ClInclude>
    <ClInclude Include="vendor\reactphysics3d\include\reactphysics3d\collision\HalfEdgeStructure.h">
      <Filter>Headerdateien</Filter>
    </ClInclude>
    <ClInclude Include="vendor\reactphysics3d\include\reactphysics3d\collision\narrowphase\CapsuleVsCapsuleAlgorithm.h">
      <Filter>Headerdateien</Filter>
    </ClInclude>
    <ClInclude Include="vendor\reactphysics3d\include\reactphysics3d\collision\narrowphase\CapsuleVsConvexPolyhedronAlgorithm.h">
      <Filter>Headerdateien</Filter>
    </ClInclude>
    <ClInclude Include="vendor\reactphysics3d\include\reactphysics3d\collision\narrowphase\CollisionDispatch.h">
      <Filter>Headerdateien</Filter>
    </ClInclude>
    <ClInclude Include="vendor\reactphysics3d\include\reactphysics3d\collision\narrowphase\ConvexPolyhedronVsConvexPolyhedronAlgorithm.h">
      <Filter>Headerdateien</Filter>
    </ClInclude>
    <ClInclude Include="vendor\reactphysics3d\include\reactphysics3d\collision\narrowphase\GJK\GJKAlgorithm.h">
      <Filter>Headerdateien</Filter>
    </ClInclude>
    <ClInclude Include="vendor\reactphysics3d\include\reactphysics3d\collision\narrowphase\GJK\VoronoiSimplex.h">
      <Filter>Headerdateien</Filter>
    </ClInclude>
    <ClInclude Include="vendor\reactphysics3d\include\reactphysics3d\collision\narrowphase\NarrowPhaseAlgorithm.h">
      <Filter>Headerdateien</Filter>
    </ClInclude>
    <ClInclude Include="vendor\reactphysics3d\include\reactphysics3d\collision\narrowphase\NarrowPhaseInfoBatch.h">
      <Filter>Headerdateien</Filter>
    </ClInclude>
    <ClInclude Include="vendor\reactphysics3d\include\reactphysics3d\collision\narrowphase\NarrowPhaseInput.h">
      <Filter>Headerdateien</Filter>
    </ClInclude>
    <ClInclude Include="vendor\reactphysics3d\include\reactphysics3d\collision\narrowphase\SAT\SATAlgorithm.h">
      <Filter>Headerdateien</Filter>
    </ClInclude>
    <ClInclude Include="vendor\reactphysics3d\include\reactphysics3d\collision\narrowphase\SphereVsCapsuleAlgorithm.h">
      <Filter>Headerdateien</Filter>
    </ClInclude>
    <ClInclude Include="vendor\reactphysics3d\include\reactphysics3d\collision\narrowphase\SphereVsConvexPolyhedronAlgorithm.h">
      <Filter>Headerdateien</Filter>
    </ClInclude>
    <ClInclude Include="vendor\reactphysics3d\include\reactphysics3d\collision\narrowphase\SphereVsSphereAlgorithm.h">
      <Filter>Headerdateien</Filter>
    </ClInclude>
    <ClInclude Include="vendor\reactphysics3d\include\reactphysics3d\collision\OverlapCallback.h">
      <Filter>Headerdateien</Filter>
    </ClInclude>
    <ClInclude Include="vendor\reactphysics3d\include\reactphysics3d\collision\PolygonVertexArray.h">
      <Filter>Headerdateien</Filter>
    </ClInclude>
    <ClInclude Include="vendor\reactphysics3d\include\reactphysics3d\collision\PolyhedronMesh.h">
      <Filter>Headerdateien</Filter>
    </ClInclude>
    <ClInclude Include="vendor\reactphysics3d\include\reactphysics3d\collision\RaycastInfo.h">
      <Filter>Headerdateien</Filter>
    </ClInclude>
    <ClInclude Include="vendor\reactphysics3d\include\reactphysics3d\collision\shapes\AABB.h">
      <Filter>Headerdateien</Filter>
    </ClInclude>
    <ClInclude Include="vendor\reactphysics3d\include\reactphysics3d\collision\shapes\BoxShape.h">
      <Filter>Headerdateien</Filter>
    </ClInclude>
    <ClInclude Include="vendor\reactphysics3d\include\reactphysics3d\collision\shapes\CapsuleShape.h">
      <Filter>Headerdateien</Filter>
    </ClInclude>
    <ClInclude Include="vendor\reactphysics3d\include\reactphysics3d\collision\shapes\CollisionShape.h">
      <Filter>Headerdateien</Filter>
    </ClInclude>
    <ClInclude Include="vendor\reactphysics3d\include\reactphysics3d\collision\shapes\ConcaveMeshShape.h">
      <Filter>Headerdateien</Filter>
    </ClInclude>
    <ClInclude Include="vendor\reactphysics3d\include\reactphysics3d\collision\shapes\ConcaveShape.h">
      <Filter>Headerdateien</Filter>
    </ClInclude>
    <ClInclude Include="vendor\reactphysics3d\include\reactphysics3d\collision\shapes\ConvexMeshShape.h">
      <Filter>Headerdateien</Filter>
    </ClInclude>
    <ClInclude Include="vendor\reactphysics3d\include\reactphysics3d\collision\shapes\ConvexPolyhedronShape.h">
      <Filter>Headerdateien</Filter>
    </ClInclude>
    <ClInclude Include="vendor\reactphysics3d\include\reactphysics3d\collision\shapes\ConvexShape.h">
      <Filter>Headerdateien</Filter>
    </ClInclude>
    <ClInclude Include="vendor\reactphysics3d\include\reactphysics3d\collision\shapes\HeightFieldShape.h">
      <Filter>Headerdateien</Filter>
    </ClInclude>
    <ClInclude Include="vendor\reactphysics3d\include\reactphysics3d\collision\shapes\SphereShape.h">
      <Filter>Headerdateien</Filter>
    </ClInclude>
    <ClInclude Include="vendor\reactphysics3d\include\reactphysics3d\collision\shapes\TriangleShape.h">
      <Filter>Headerdateien</Filter>
    </ClInclude>
    <ClInclude Include="vendor\reactphysics3d\include\reactphysics3d\collision\TriangleMesh.h">
      <Filter>Headerdateien</Filter>
    </ClInclude>
    <ClInclude Include="vendor\reactphysics3d\include\reactphysics3d\collision\TriangleVertexArray.h">
      <Filter>Headerdateien</Filter>
    </ClInclude>
    <ClInclude Include="vendor\reactphysics3d\include\reactphysics3d\components\BallAndSocketJointComponents.h">
      <Filter>Headerdateien</Filter>
    </ClInclude>
    <ClInclude Include="vendor\reactphysics3d\include\reactphysics3d\components\ColliderComponents.h">
      <Filter>Headerdateien</Filter>
    </ClInclude>
    <ClInclude Include="vendor\reactphysics3d\include\reactphysics3d\components\CollisionBodyComponents.h">
      <Filter>Headerdateien</Filter>
    </ClInclude>
    <ClInclude Include="vendor\reactphysics3d\include\reactphysics3d\components\Components.h">
      <Filter>Headerdateien</Filter>
    </ClInclude>
    <ClInclude Include="vendor\reactphysics3d\include\reactphysics3d\components\FixedJointComponents.h">
      <Filter>Headerdateien</Filter>
    </ClInclude>
    <ClInclude Include="vendor\reactphysics3d\include\reactphysics3d\components\HingeJointComponents.h">
      <Filter>Headerdateien</Filter>
    </ClInclude>
    <ClInclude Include="vendor\reactphysics3d\include\reactphysics3d\components\JointComponents.h">
      <Filter>Headerdateien</Filter>
    </ClInclude>
    <ClInclude Include="vendor\reactphysics3d\include\reactphysics3d\components\RigidBodyComponents.h">
      <Filter>Headerdateien</Filter>
    </ClInclude>
    <ClInclude Include="vendor\reactphysics3d\include\reactphysics3d\components\SliderJointComponents.h">
      <Filter>Headerdateien</Filter>
    </ClInclude>
    <ClInclude Include="vendor\reactphysics3d\include\reactphysics3d\components\TransformComponents.h">
      <Filter>Headerdateien</Filter>
    </ClInclude>
    <ClInclude Include="vendor\reactphysics3d\include\reactphysics3d\configuration.h">
      <Filter>Headerdateien</Filter>
    </ClInclude>
    <ClInclude Include="vendor\reactphysics3d\include\reactphysics3d\constraint\BallAndSocketJoint.h">
      <Filter>Headerdateien</Filter>
    </ClInclude>
    <ClInclude Include="vendor\reactphysics3d\include\reactphysics3d\constraint\ContactPoint.h">
      <Filter>Headerdateien</Filter>
    </ClInclude>
    <ClInclude Include="vendor\reactphysics3d\include\reactphysics3d\constraint\FixedJoint.h">
      <Filter>Headerdateien</Filter>
    </ClInclude>
    <ClInclude Include="vendor\reactphysics3d\include\reactphysics3d\constraint\HingeJoint.h">
      <Filter>Headerdateien</Filter>
    </ClInclude>
    <ClInclude Include="vendor\reactphysics3d\include\reactphysics3d\constraint\Joint.h">
      <Filter>Headerdateien</Filter>
    </ClInclude>
    <ClInclude Include="vendor\reactphysics3d\include\reactphysics3d\constraint\SliderJoint.h">
      <Filter>Headerdateien</Filter>
    </ClInclude>
    <ClInclude Include="vendor\reactphysics3d\include\reactphysics3d\containers\Array.h">
      <Filter>Headerdateien</Filter>
    </ClInclude>
    <ClInclude Include="vendor\reactphysics3d\include\reactphysics3d\containers\containers_common.h">
      <Filter>Headerdateien</Filter>
    </ClInclude>
    <ClInclude Include="vendor\reactphysics3d\include\reactphysics3d\containers\Deque.h">
      <Filter>Headerdateien</Filter>
    </ClInclude>
    <ClInclude Include="vendor\reactphysics3d\include\reactphysics3d\containers\LinkedList.h">
      <Filter>Headerdateien</Filter>
    </ClInclude>
    <ClInclude Include="vendor\reactphysics3d\include\reactphysics3d\containers\Map.h">
      <Filter>Headerdateien</Filter>
    </ClInclude>
    <ClInclude Include="vendor\reactphysics3d\include\reactphysics3d\containers\Pair.h">
      <Filter>Headerdateien</Filter>
    </ClInclude>
    <ClInclude Include="vendor\reactphysics3d\include\reactphysics3d\containers\Set.h">
      <Filter>Headerdateien</Filter>
    </ClInclude>
    <ClInclude Include="vendor\reactphysics3d\include\reactphysics3d\containers\Stack.h">
      <Filter>Headerdateien</Filter>
    </ClInclude>
    <ClInclude Include="vendor\reactphysics3d\include\reactphysics3d\decimal.h">
      <Filter>Headerdateien</Filter>
    </ClInclude>
    <ClInclude Include="vendor\reactphysics3d\include\reactphysics3d\engine\Entity.h">
      <Filter>Headerdateien</Filter>
    </ClInclude>
    <ClInclude Include="vendor\reactphysics3d\include\reactphysics3d\engine\EntityManager.h">
      <Filter>Headerdateien</Filter>
    </ClInclude>
    <ClInclude Include="vendor\reactphysics3d\include\reactphysics3d\engine\EventListener.h">
      <Filter>Headerdateien</Filter>
    </ClInclude>
    <ClInclude Include="vendor\reactphysics3d\include\reactphysics3d\engine\Island.h">
      <Filter>Headerdateien</Filter>
    </ClInclude>
    <ClInclude Include="vendor\reactphysics3d\include\reactphysics3d\engine\Islands.h">
      <Filter>Headerdateien</Filter>
    </ClInclude>
    <ClInclude Include="vendor\reactphysics3d\include\reactphysics3d\engine\Material.h">
      <Filter>Headerdateien</Filter>
    </ClInclude>
    <ClInclude Include="vendor\reactphysics3d\include\reactphysics3d\engine\OverlappingPairs.h">
      <Filter>Headerdateien</Filter>
    </ClInclude>
    <ClInclude Include="vendor\reactphysics3d\include\reactphysics3d\engine\PhysicsCommon.h">
      <Filter>Headerdateien</Filter>
    </ClInclude>
    <ClInclude Include="vendor\reactphysics3d\include\reactphysics3d\engine\PhysicsWorld.h">
      <Filter>Headerdateien</Filter>
    </ClInclude>
    <ClInclude Include="vendor\reactphysics3d\include\reactphysics3d\mathematics\mathematics.h">
      <Filter>Headerdateien</Filter>
    </ClInclude>
    <ClInclude Include="vendor\reactphysics3d\include\reactphysics3d\mathematics\mathematics_common.h">
      <Filter>Headerdateien</Filter>
    </ClInclude>
    <ClInclude Include="vendor\reactphysics3d\include\reactphysics3d\mathematics\mathematics_functions.h">
      <Filter>Headerdateien</Filter>
    </ClInclude>
    <ClInclude Include="vendor\reactphysics3d\include\reactphysics3d\mathematics\Matrix2x2.h">
      <Filter>Headerdateien</Filter>
    </ClInclude>
    <ClInclude Include="vendor\reactphysics3d\include\reactphysics3d\mathematics\Matrix3x3.h">
      <Filter>Headerdateien</Filter>
    </ClInclude>
    <ClInclude Include="vendor\reactphysics3d\include\reactphysics3d\mathematics\Quaternion.h">
      <Filter>Headerdateien</Filter>
    </ClInclude>
    <ClInclude Include="vendor\reactphysics3d\include\reactphysics3d\mathematics\Ray.h">
      <Filter>Headerdateien</Filter>
    </ClInclude>
    <ClInclude Include="vendor\reactphysics3d\include\reactphysics3d\mathematics\Transform.h">
      <Filter>Headerdateien</Filter>
    </ClInclude>
    <ClInclude Include="vendor\reactphysics3d\include\reactphysics3d\mathematics\Vector2.h">
      <Filter>Headerdateien</Filter>
    </ClInclude>
    <ClInclude Include="vendor\reactphysics3d\include\reactphysics3d\mathematics\Vector3.h">
      <Filter>Headerdateien</Filter>
    </ClInclude>
    <ClInclude Include="vendor\reactphysics3d\include\reactphysics3d\memory\DefaultAllocator.h">
      <Filter>Headerdateien</Filter>
    </ClInclude>
    <ClInclude Include="vendor\reactphysics3d\include\reactphysics3d\memory\HeapAllocator.h">
      <Filter>Headerdateien</Filter>
    </ClInclude>
    <ClInclude Include="vendor\reactphysics3d\include\reactphysics3d\memory\MemoryAllocator.h">
      <Filter>Headerdateien</Filter>
    </ClInclude>
    <ClInclude Include="vendor\reactphysics3d\include\reactphysics3d\memory\MemoryManager.h">
      <Filter>Headerdateien</Filter>
    </ClInclude>
    <ClInclude Include="vendor\reactphysics3d\include\reactphysics3d\memory\PoolAllocator.h">
      <Filter>Headerdateien</Filter>
    </ClInclude>
    <ClInclude Include="vendor\reactphysics3d\include\reactphysics3d\memory\SingleFrameAllocator.h">
      <Filter>Headerdateien</Filter>
    </ClInclude>
    <ClInclude Include="vendor\reactphysics3d\include\reactphysics3d\reactphysics3d.h">
      <Filter>Headerdateien</Filter>
    </ClInclude>
    <ClInclude Include="vendor\reactphysics3d\include\reactphysics3d\systems\BroadPhaseSystem.h">
      <Filter>Headerdateien</Filter>
    </ClInclude>
    <ClInclude Include="vendor\reactphysics3d\include\reactphysics3d\systems\CollisionDetectionSystem.h">
      <Filter>Headerdateien</Filter>
    </ClInclude>
    <ClInclude Include="vendor\reactphysics3d\include\reactphysics3d\systems\ConstraintSolverSystem.h">
      <Filter>Headerdateien</Filter>
    </ClInclude>
    <ClInclude Include="vendor\reactphysics3d\include\reactphysics3d\systems\ContactSolverSystem.h">
      <Filter>Headerdateien</Filter>
    </ClInclude>
    <ClInclude Include="vendor\reactphysics3d\include\reactphysics3d\systems\DynamicsSystem.h">
      <Filter>Headerdateien</Filter>
    </ClInclude>
    <ClInclude Include="vendor\reactphysics3d\include\reactphysics3d\systems\SolveBallAndSocketJointSystem.h">
      <Filter>Headerdateien</Filter>
    </ClInclude>
    <ClInclude Include="vendor\reactphysics3d\include\reactphysics3d\systems\SolveFixedJointSystem.h">
      <Filter>Headerdateien</Filter>
    </ClInclude>
    <ClInclude Include="vendor\reactphysics3d\include\reactphysics3d\systems\SolveHingeJointSystem.h">
      <Filter>Headerdateien</Filter>
    </ClInclude>
    <ClInclude Include="vendor\reactphysics3d\include\reactphysics3d\systems\SolveSliderJointSystem.h">
      <Filter>Headerdateien</Filter>
    </ClInclude>
    <ClInclude Include="vendor\reactphysics3d\include\reactphysics3d\utils\DebugRenderer.h">
      <Filter>Headerdateien</Filter>
    </ClInclude>
    <ClInclude Include="vendor\reactphysics3d\include\reactphysics3d\utils\DefaultLogger.h">
      <Filter>Headerdateien</Filter>
    </ClInclude>
    <ClInclude Include="vendor\reactphysics3d\include\reactphysics3d\utils\Logger.h">
      <Filter>Headerdateien</Filter>
    </ClInclude>
    <ClInclude Include="vendor\reactphysics3d\include\reactphysics3d\utils\Profiler.h">
      <Filter>Headerdateien</Filter>
    </ClInclude>
    <ClInclude Include="vendor\stb_image\include\stb_image_write.h">
      <Filter>Headerdateien</Filter>
    </ClInclude>
    <ClInclude Include="vendor\tinygltf\include\json.hpp">
      <Filter>Headerdateien</Filter>
    </ClInclude>
    <ClInclude Include="src\GameEngine\Components\BoxCollider.h">
      <Filter>Headerdateien</Filter>
    </ClInclude>
    <ClInclude Include="src\GameEngine\Components\Camera.h">
      <Filter>Headerdateien</Filter>
    </ClInclude>
    <ClInclude Include="src\GameEngine\Components\CapsuleCollider.h">
      <Filter>Headerdateien</Filter>
    </ClInclude>
    <ClInclude Include="src\GameEngine\Components\Collider.h">
      <Filter>Headerdateien</Filter>
    </ClInclude>
    <ClInclude Include="src\GameEngine\Components\Component.h">
      <Filter>Headerdateien</Filter>
    </ClInclude>
    <ClInclude Include="src\GameEngine\Components\Light.h">
      <Filter>Headerdateien</Filter>
    </ClInclude>
    <ClInclude Include="src\GameEngine\Components\MeshRenderer.h">
      <Filter>Headerdateien</Filter>
    </ClInclude>
    <ClInclude Include="src\GameEngine\Components\PointLight.h">
      <Filter>Headerdateien</Filter>
    </ClInclude>
    <ClInclude Include="src\GameEngine\Components\Rigidbody.h">
      <Filter>Headerdateien</Filter>
    </ClInclude>
    <ClInclude Include="src\GameEngine\Components\SpriteRenderer.h">
      <Filter>Headerdateien</Filter>
    </ClInclude>
    <ClInclude Include="src\GameEngine\Components\Transform.h">
      <Filter>Headerdateien</Filter>
    </ClInclude>
    <ClInclude Include="src\GameEngine\Core\Application.h">
      <Filter>Headerdateien</Filter>
    </ClInclude>
    <ClInclude Include="src\GameEngine\Core\GameObject.h">
      <Filter>Headerdateien</Filter>
    </ClInclude>
    <ClInclude Include="src\GameEngine\Core\Scene.h">
      <Filter>Headerdateien</Filter>
    </ClInclude>
    <ClInclude Include="src\GameEngine\Core\Window.h">
      <Filter>Headerdateien</Filter>
    </ClInclude>
    <ClInclude Include="src\GameEngine\Debug\Log.h">
      <Filter>Headerdateien</Filter>
    </ClInclude>
    <ClInclude Include="src\GameEngine\Input\Input.h">
      <Filter>Headerdateien</Filter>
    </ClInclude>
    <ClInclude Include="src\GameEngine\IO\Importer\GLTF.h">
      <Filter>Headerdateien</Filter>
    </ClInclude>
    <ClInclude Include="src\GameEngine\IO\Importer\OBJ.h">
      <Filter>Headerdateien</Filter>
    </ClInclude>
    <ClInclude Include="src\GameEngine\IO\Stream.h">
      <Filter>Headerdateien</Filter>
    </ClInclude>
    <ClInclude Include="src\GameEngine\Physics\Physics.h">
      <Filter>Headerdateien</Filter>
    </ClInclude>
    <ClInclude Include="src\GameEngine\Physics\PhysicsDebugRenderer.h">
      <Filter>Headerdateien</Filter>
    </ClInclude>
    <ClInclude Include="src\GameEngine\Rendering\Buffer.h">
      <Filter>Headerdateien</Filter>
    </ClInclude>
    <ClInclude Include="src\GameEngine\Rendering\IndexBuffer.h">
      <Filter>Headerdateien</Filter>
    </ClInclude>
    <ClInclude Include="src\GameEngine\Rendering\Material.h">
      <Filter>Headerdateien</Filter>
    </ClInclude>
    <ClInclude Include="src\GameEngine\Rendering\Mesh.h">
      <Filter>Headerdateien</Filter>
    </ClInclude>
    <ClInclude Include="src\GameEngine\Rendering\Model.h">
      <Filter>Headerdateien</Filter>
    </ClInclude>
    <ClInclude Include="src\GameEngine\Rendering\Primitive.h">
      <Filter>Headerdateien</Filter>
    </ClInclude>
    <ClInclude Include="src\GameEngine\Rendering\Renderable.h">
      <Filter>Headerdateien</Filter>
    </ClInclude>
    <ClInclude Include="src\GameEngine\Rendering\Renderable2D.h">
      <Filter>Headerdateien</Filter>
    </ClInclude>
    <ClInclude Include="src\GameEngine\Rendering\RenderablePrimitive.h">
      <Filter>Headerdateien</Filter>
    </ClInclude>
    <ClInclude Include="src\GameEngine\Rendering\Renderer.h">
      <Filter>Headerdateien</Filter>
    </ClInclude>
    <ClInclude Include="src\GameEngine\Rendering\Shader.h">
      <Filter>Headerdateien</Filter>
    </ClInclude>
    <ClInclude Include="src\GameEngine\Rendering\Sprite.h">
      <Filter>Headerdateien</Filter>
    </ClInclude>
    <ClInclude Include="src\GameEngine\Rendering\SpriteAtlas.h">
      <Filter>Headerdateien</Filter>
    </ClInclude>
    <ClInclude Include="src\GameEngine\Rendering\Texture.h">
      <Filter>Headerdateien</Filter>
    </ClInclude>
    <ClInclude Include="src\GameEngine\Rendering\Uniform.h">
      <Filter>Headerdateien</Filter>
    </ClInclude>
    <ClInclude Include="src\GameEngine\Rendering\UniformBuffer.h">
      <Filter>Headerdateien</Filter>
    </ClInclude>
    <ClInclude Include="src\GameEngine\Rendering\VertexArrayObject.h">
      <Filter>Headerdateien</Filter>
    </ClInclude>
    <ClInclude Include="src\GameEngine\Rendering\VertexBuffer.h">
      <Filter>Headerdateien</Filter>
    </ClInclude>
    <ClInclude Include="src\GameEngine\Rendering\VertexBufferAttribute.h">
      <Filter>Headerdateien</Filter>
    </ClInclude>
    <ClInclude Include="src\GameEngine\Rendering\VertexBufferLayout.h">
      <Filter>Headerdateien</Filter>
    </ClInclude>
    <ClInclude Include="src\GameEngine\Shapes\Cube.h">
      <Filter>Headerdateien</Filter>
    </ClInclude>
    <ClInclude Include="src\GameEngine\Utils\Math.h">
      <Filter>Headerdateien</Filter>
    </ClInclude>
    <ClInclude Include="src\GameEngine\Utils\String.h">
      <Filter>Headerdateien</Filter>
    </ClInclude>
    <ClInclude Include="src\GameEngine\Utils\Time.h">
      <Filter>Headerdateien</Filter>
    </ClInclude>
    <ClInclude Include="src\GraphicDemoApplication.h">
      <Filter>Headerdateien</Filter>
    </ClInclude>
    <ClInclude Include="src\GameEngine\Components\TextRenderer.h">
      <Filter>Headerdateien</Filter>
    </ClInclude>
    <ClInclude Include="src\GameEngine\Rendering\Font.h">
      <Filter>Headerdateien</Filter>
    </ClInclude>
    <ClInclude Include="src\GameEngine\Rendering\RenderableSprite.h">
      <Filter>Headerdateien</Filter>
    </ClInclude>
    <ClInclude Include="src\GameEngine\Rendering\SpriteSet.h">
      <Filter>Headerdateien</Filter>
    </ClInclude>
    <ClInclude Include="vendor\fmod\api\core\inc\fmod.h">
      <Filter>Headerdateien</Filter>
    </ClInclude>
    <ClInclude Include="vendor\fmod\api\core\inc\fmod.hpp">
      <Filter>Headerdateien</Filter>
    </ClInclude>
    <ClInclude Include="vendor\fmod\api\core\inc\fmod_codec.h">
      <Filter>Headerdateien</Filter>
    </ClInclude>
    <ClInclude Include="vendor\fmod\api\core\inc\fmod_common.h">
      <Filter>Headerdateien</Filter>
    </ClInclude>
    <ClInclude Include="vendor\fmod\api\core\inc\fmod_dsp.h">
      <Filter>Headerdateien</Filter>
    </ClInclude>
    <ClInclude Include="vendor\fmod\api\core\inc\fmod_dsp_effects.h">
      <Filter>Headerdateien</Filter>
    </ClInclude>
    <ClInclude Include="vendor\fmod\api\core\inc\fmod_errors.h">
      <Filter>Headerdateien</Filter>
    </ClInclude>
    <ClInclude Include="vendor\fmod\api\core\inc\fmod_output.h">
      <Filter>Headerdateien</Filter>
    </ClInclude>
    <ClInclude Include="vendor\fmod\api\fsbank\inc\fsbank.h">
      <Filter>Headerdateien</Filter>
    </ClInclude>
    <ClInclude Include="vendor\fmod\api\fsbank\inc\fsbank_errors.h">
      <Filter>Headerdateien</Filter>
    </ClInclude>
    <ClInclude Include="vendor\fmod\api\studio\inc\fmod_studio.h">
      <Filter>Headerdateien</Filter>
    </ClInclude>
    <ClInclude Include="vendor\fmod\api\studio\inc\fmod_studio.hpp">
      <Filter>Headerdateien</Filter>
    </ClInclude>
    <ClInclude Include="vendor\fmod\api\studio\inc\fmod_studio_common.h">
      <Filter>Headerdateien</Filter>
    </ClInclude>
    <ClInclude Include="vendor\fmod\plugins\resonance_audio\inc\RoomProperties.h">
      <Filter>Headerdateien</Filter>
    </ClInclude>
    <ClInclude Include="vendor\freetype\include\freetype\config\ftconfig.h">
      <Filter>Headerdateien</Filter>
    </ClInclude>
    <ClInclude Include="vendor\freetype\include\freetype\config\ftoption.h">
      <Filter>Headerdateien</Filter>
    </ClInclude>
    <ClInclude Include="vendor\msdf-atlas-gen\include\msdf-atlas-gen\artery-font-export.h">
      <Filter>Headerdateien</Filter>
    </ClInclude>
    <ClInclude Include="vendor\msdf-atlas-gen\include\msdf-atlas-gen\AtlasGenerator.h">
      <Filter>Headerdateien</Filter>
    </ClInclude>
    <ClInclude Include="vendor\msdf-atlas-gen\include\msdf-atlas-gen\AtlasStorage.h">
      <Filter>Headerdateien</Filter>
    </ClInclude>
    <ClInclude Include="vendor\msdf-atlas-gen\include\msdf-atlas-gen\bitmap-blit.h">
      <Filter>Headerdateien</Filter>
    </ClInclude>
    <ClInclude Include="vendor\msdf-atlas-gen\include\msdf-atlas-gen\BitmapAtlasStorage.h">
      <Filter>Headerdateien</Filter>
    </ClInclude>
    <ClInclude Include="vendor\msdf-atlas-gen\include\msdf-atlas-gen\BitmapAtlasStorage.hpp">
      <Filter>Headerdateien</Filter>
    </ClInclude>
    <ClInclude Include="vendor\msdf-atlas-gen\include\msdf-atlas-gen\Charset.h">
      <Filter>Headerdateien</Filter>
    </ClInclude>
    <ClInclude Include="vendor\msdf-atlas-gen\include\msdf-atlas-gen\csv-export.h">
      <Filter>Headerdateien</Filter>
    </ClInclude>
    <ClInclude Include="vendor\msdf-atlas-gen\include\msdf-atlas-gen\DynamicAtlas.h">
      <Filter>Headerdateien</Filter>
    </ClInclude>
    <ClInclude Include="vendor\msdf-atlas-gen\include\msdf-atlas-gen\DynamicAtlas.hpp">
      <Filter>Headerdateien</Filter>
    </ClInclude>
    <ClInclude Include="vendor\msdf-atlas-gen\include\msdf-atlas-gen\FontGeometry.h">
      <Filter>Headerdateien</Filter>
    </ClInclude>
    <ClInclude Include="vendor\msdf-atlas-gen\include\msdf-atlas-gen\glyph-generators.h">
      <Filter>Headerdateien</Filter>
    </ClInclude>
    <ClInclude Include="vendor\msdf-atlas-gen\include\msdf-atlas-gen\GlyphBox.h">
      <Filter>Headerdateien</Filter>
    </ClInclude>
    <ClInclude Include="vendor\msdf-atlas-gen\include\msdf-atlas-gen\GlyphGeometry.h">
      <Filter>Headerdateien</Filter>
    </ClInclude>
    <ClInclude Include="vendor\msdf-atlas-gen\include\msdf-atlas-gen\image-encode.h">
      <Filter>Headerdateien</Filter>
    </ClInclude>
    <ClInclude Include="vendor\msdf-atlas-gen\include\msdf-atlas-gen\image-save.h">
      <Filter>Headerdateien</Filter>
    </ClInclude>
    <ClInclude Include="vendor\msdf-atlas-gen\include\msdf-atlas-gen\image-save.hpp">
      <Filter>Headerdateien</Filter>
    </ClInclude>
    <ClInclude Include="vendor\msdf-atlas-gen\include\msdf-atlas-gen\ImmediateAtlasGenerator.h">
      <Filter>Headerdateien</Filter>
    </ClInclude>
    <ClInclude Include="vendor\msdf-atlas-gen\include\msdf-atlas-gen\ImmediateAtlasGenerator.hpp">
      <Filter>Headerdateien</Filter>
    </ClInclude>
    <ClInclude Include="vendor\msdf-atlas-gen\include\msdf-atlas-gen\json-export.h">
      <Filter>Headerdateien</Filter>
    </ClInclude>
    <ClInclude Include="vendor\msdf-atlas-gen\include\msdf-atlas-gen\msdf-atlas-gen.h">
      <Filter>Headerdateien</Filter>
    </ClInclude>
    <ClInclude Include="vendor\msdf-atlas-gen\include\msdf-atlas-gen\rectangle-packing.h">
      <Filter>Headerdateien</Filter>
    </ClInclude>
    <ClInclude Include="vendor\msdf-atlas-gen\include\msdf-atlas-gen\rectangle-packing.hpp">
      <Filter>Headerdateien</Filter>
    </ClInclude>
    <ClInclude Include="vendor\msdf-atlas-gen\include\msdf-atlas-gen\Rectangle.h">
      <Filter>Headerdateien</Filter>
    </ClInclude>
    <ClInclude Include="vendor\msdf-atlas-gen\include\msdf-atlas-gen\RectanglePacker.h">
      <Filter>Headerdateien</Filter>
    </ClInclude>
    <ClInclude Include="vendor\msdf-atlas-gen\include\msdf-atlas-gen\Remap.h">
      <Filter>Headerdateien</Filter>
    </ClInclude>
    <ClInclude Include="vendor\msdf-atlas-gen\include\msdf-atlas-gen\shadron-preview-generator.h">
      <Filter>Headerdateien</Filter>
    </ClInclude>
    <ClInclude Include="vendor\msdf-atlas-gen\include\msdf-atlas-gen\size-selectors.h">
      <Filter>Headerdateien</Filter>
    </ClInclude>
    <ClInclude Include="vendor\msdf-atlas-gen\include\msdf-atlas-gen\TightAtlasPacker.h">
      <Filter>Headerdateien</Filter>
    </ClInclude>
    <ClInclude Include="vendor\msdf-atlas-gen\include\msdf-atlas-gen\types.h">
      <Filter>Headerdateien</Filter>
    </ClInclude>
    <ClInclude Include="vendor\msdf-atlas-gen\include\msdf-atlas-gen\utf8.h">
      <Filter>Headerdateien</Filter>
    </ClInclude>
    <ClInclude Include="vendor\msdf-atlas-gen\include\msdf-atlas-gen\Workload.h">
      <Filter>Headerdateien</Filter>
    </ClInclude>
    <ClInclude Include="vendor\msdfgen\include\core\arithmetics.hpp">
      <Filter>Headerdateien</Filter>
    </ClInclude>
    <ClInclude Include="vendor\msdfgen\include\core\bitmap-interpolation.hpp">
      <Filter>Headerdateien</Filter>
    </ClInclude>
    <ClInclude Include="vendor\msdfgen\include\core\Bitmap.h">
      <Filter>Headerdateien</Filter>
    </ClInclude>
    <ClInclude Include="vendor\msdfgen\include\core\Bitmap.hpp">
      <Filter>Headerdateien</Filter>
    </ClInclude>
    <ClInclude Include="vendor\msdfgen\include\core\BitmapRef.hpp">
      <Filter>Headerdateien</Filter>
    </ClInclude>
    <ClInclude Include="vendor\msdfgen\include\core\contour-combiners.h">
      <Filter>Headerdateien</Filter>
    </ClInclude>
    <ClInclude Include="vendor\msdfgen\include\core\Contour.h">
      <Filter>Headerdateien</Filter>
    </ClInclude>
    <ClInclude Include="vendor\msdfgen\include\core\edge-coloring.h">
      <Filter>Headerdateien</Filter>
    </ClInclude>
    <ClInclude Include="vendor\msdfgen\include\core\edge-segments.h">
      <Filter>Headerdateien</Filter>
    </ClInclude>
    <ClInclude Include="vendor\msdfgen\include\core\edge-selectors.h">
      <Filter>Headerdateien</Filter>
    </ClInclude>
    <ClInclude Include="vendor\msdfgen\include\core\EdgeColor.h">
      <Filter>Headerdateien</Filter>
    </ClInclude>
    <ClInclude Include="vendor\msdfgen\include\core\EdgeHolder.h">
      <Filter>Headerdateien</Filter>
    </ClInclude>
    <ClInclude Include="vendor\msdfgen\include\core\equation-solver.h">
      <Filter>Headerdateien</Filter>
    </ClInclude>
    <ClInclude Include="vendor\msdfgen\include\core\generator-config.h">
      <Filter>Headerdateien</Filter>
    </ClInclude>
    <ClInclude Include="vendor\msdfgen\include\core\msdf-error-correction.h">
      <Filter>Headerdateien</Filter>
    </ClInclude>
    <ClInclude Include="vendor\msdfgen\include\core\MSDFErrorCorrection.h">
      <Filter>Headerdateien</Filter>
    </ClInclude>
    <ClInclude Include="vendor\msdfgen\include\core\pixel-conversion.hpp">
      <Filter>Headerdateien</Filter>
    </ClInclude>
    <ClInclude Include="vendor\msdfgen\include\core\Projection.h">
      <Filter>Headerdateien</Filter>
    </ClInclude>
    <ClInclude Include="vendor\msdfgen\include\core\rasterization.h">
      <Filter>Headerdateien</Filter>
    </ClInclude>
    <ClInclude Include="vendor\msdfgen\include\core\render-sdf.h">
      <Filter>Headerdateien</Filter>
    </ClInclude>
    <ClInclude Include="vendor\msdfgen\include\core\save-bmp.h">
      <Filter>Headerdateien</Filter>
    </ClInclude>
    <ClInclude Include="vendor\msdfgen\include\core\save-tiff.h">
      <Filter>Headerdateien</Filter>
    </ClInclude>
    <ClInclude Include="vendor\msdfgen\include\core\Scanline.h">
      <Filter>Headerdateien</Filter>
    </ClInclude>
    <ClInclude Include="vendor\msdfgen\include\core\sdf-error-estimation.h">
      <Filter>Headerdateien</Filter>
    </ClInclude>
    <ClInclude Include="vendor\msdfgen\include\core\shape-description.h">
      <Filter>Headerdateien</Filter>
    </ClInclude>
    <ClInclude Include="vendor\msdfgen\include\core\Shape.h">
      <Filter>Headerdateien</Filter>
    </ClInclude>
    <ClInclude Include="vendor\msdfgen\include\core\ShapeDistanceFinder.h">
      <Filter>Headerdateien</Filter>
    </ClInclude>
    <ClInclude Include="vendor\msdfgen\include\core\ShapeDistanceFinder.hpp">
      <Filter>Headerdateien</Filter>
    </ClInclude>
    <ClInclude Include="vendor\msdfgen\include\core\SignedDistance.h">
      <Filter>Headerdateien</Filter>
    </ClInclude>
    <ClInclude Include="vendor\msdfgen\include\core\Vector2.h">
      <Filter>Headerdateien</Filter>
    </ClInclude>
    <ClInclude Include="vendor\msdfgen\include\ext\import-font.h">
      <Filter>Headerdateien</Filter>
    </ClInclude>
    <ClInclude Include="vendor\msdfgen\include\ext\import-svg.h">
      <Filter>Headerdateien</Filter>
    </ClInclude>
    <ClInclude Include="vendor\msdfgen\include\ext\resolve-shape-geometry.h">
      <Filter>Headerdateien</Filter>
    </ClInclude>
    <ClInclude Include="vendor\msdfgen\include\ext\save-png.h">
      <Filter>Headerdateien</Filter>
    </ClInclude>
    <ClInclude Include="vendor\msdfgen\include\msdfgen-ext.h">
      <Filter>Headerdateien</Filter>
    </ClInclude>
    <ClInclude Include="vendor\msdfgen\include\msdfgen.h">
      <Filter>Headerdateien</Filter>
    </ClInclude>
  </ItemGroup>
</Project>